// !$*UTF8*$!
{
	archiveVersion = 1;
	classes = {
	};
	objectVersion = 50;
	objects = {

/* Begin PBXBuildFile section */
		C713D9422570E5EB001C3AFC /* AppDelegate.swift in Sources */ = {isa = PBXBuildFile; fileRef = C713D9412570E5EB001C3AFC /* AppDelegate.swift */; };
		C713D9442570E5EB001C3AFC /* SceneDelegate.swift in Sources */ = {isa = PBXBuildFile; fileRef = C713D9432570E5EB001C3AFC /* SceneDelegate.swift */; };
		C713D9462570E5EB001C3AFC /* CalculatorViewController.swift in Sources */ = {isa = PBXBuildFile; fileRef = C713D9452570E5EB001C3AFC /* CalculatorViewController.swift */; };
		C713D9492570E5EB001C3AFC /* Main.storyboard in Resources */ = {isa = PBXBuildFile; fileRef = C713D9472570E5EB001C3AFC /* Main.storyboard */; };
		C713D94B2570E5ED001C3AFC /* Assets.xcassets in Resources */ = {isa = PBXBuildFile; fileRef = C713D94A2570E5ED001C3AFC /* Assets.xcassets */; };
		C713D94E2570E5ED001C3AFC /* LaunchScreen.storyboard in Resources */ = {isa = PBXBuildFile; fileRef = C713D94C2570E5ED001C3AFC /* LaunchScreen.storyboard */; };
		FB57DB842980C0EF00BEEE09 /* CalculatorItemQueue.swift in Sources */ = {isa = PBXBuildFile; fileRef = FB57DB832980C0EF00BEEE09 /* CalculatorItemQueue.swift */; };
		FB57DB9D2980DBCF00BEEE09 /* CalculatorItemQueueTests.swift in Sources */ = {isa = PBXBuildFile; fileRef = FB57DB9C2980DBCF00BEEE09 /* CalculatorItemQueueTests.swift */; };
		FB57DBA429811E4B00BEEE09 /* CalculateItemProtocol.swift in Sources */ = {isa = PBXBuildFile; fileRef = FB57DBA329811E4B00BEEE09 /* CalculateItemProtocol.swift */; };
		FB57DBBF29835D1F00BEEE09 /* Operator.swift in Sources */ = {isa = PBXBuildFile; fileRef = FB57DBBE29835D1F00BEEE09 /* Operator.swift */; };
		FB57DBC7298361CD00BEEE09 /* OperatorTests.swift in Sources */ = {isa = PBXBuildFile; fileRef = FB57DBC6298361CD00BEEE09 /* OperatorTests.swift */; };
		FB57DBD32983755C00BEEE09 /* CalculatorError.swift in Sources */ = {isa = PBXBuildFile; fileRef = FB57DBD22983755C00BEEE09 /* CalculatorError.swift */; };
		FB99DF262984180B008F4C96 /* ExpressionParser.swift in Sources */ = {isa = PBXBuildFile; fileRef = FB99DF252984180B008F4C96 /* ExpressionParser.swift */; };
		FB99DF2E29841867008F4C96 /* ExpressionParserTests.swift in Sources */ = {isa = PBXBuildFile; fileRef = FB99DF2D29841867008F4C96 /* ExpressionParserTests.swift */; };
		FB99DF5A298556A3008F4C96 /* ExtensionStringTests.swift in Sources */ = {isa = PBXBuildFile; fileRef = FB99DF59298556A3008F4C96 /* ExtensionStringTests.swift */; };
		FBAF8F7D29838B0900FD26EA /* String.swift in Sources */ = {isa = PBXBuildFile; fileRef = FBAF8F7C29838B0900FD26EA /* String.swift */; };
		FBAF8F7F29838B7400FD26EA /* Double.swift in Sources */ = {isa = PBXBuildFile; fileRef = FBAF8F7E29838B7400FD26EA /* Double.swift */; };
		FBAF8F8129838EFF00FD26EA /* Formula.swift in Sources */ = {isa = PBXBuildFile; fileRef = FBAF8F8029838EFF00FD26EA /* Formula.swift */; };
		FBAF8F892983DABC00FD26EA /* FormulaTests.swift in Sources */ = {isa = PBXBuildFile; fileRef = FBAF8F882983DABC00FD26EA /* FormulaTests.swift */; };
		FBB0AC29298C9223009F7334 /* Expression.swift in Sources */ = {isa = PBXBuildFile; fileRef = FBB0AC28298C9223009F7334 /* Expression.swift */; };
/* End PBXBuildFile section */

/* Begin PBXContainerItemProxy section */
		FB57DB9E2980DBCF00BEEE09 /* PBXContainerItemProxy */ = {
			isa = PBXContainerItemProxy;
			containerPortal = C713D9362570E5EB001C3AFC /* Project object */;
			proxyType = 1;
			remoteGlobalIDString = C713D93D2570E5EB001C3AFC;
			remoteInfo = Calculator;
		};
		FB57DBC8298361CD00BEEE09 /* PBXContainerItemProxy */ = {
			isa = PBXContainerItemProxy;
			containerPortal = C713D9362570E5EB001C3AFC /* Project object */;
			proxyType = 1;
			remoteGlobalIDString = C713D93D2570E5EB001C3AFC;
			remoteInfo = Calculator;
		};
		FB99DF2F29841867008F4C96 /* PBXContainerItemProxy */ = {
			isa = PBXContainerItemProxy;
			containerPortal = C713D9362570E5EB001C3AFC /* Project object */;
			proxyType = 1;
			remoteGlobalIDString = C713D93D2570E5EB001C3AFC;
			remoteInfo = Calculator;
		};
		FB99DF5B298556A3008F4C96 /* PBXContainerItemProxy */ = {
			isa = PBXContainerItemProxy;
			containerPortal = C713D9362570E5EB001C3AFC /* Project object */;
			proxyType = 1;
			remoteGlobalIDString = C713D93D2570E5EB001C3AFC;
			remoteInfo = Calculator;
		};
		FBAF8F8A2983DABC00FD26EA /* PBXContainerItemProxy */ = {
			isa = PBXContainerItemProxy;
			containerPortal = C713D9362570E5EB001C3AFC /* Project object */;
			proxyType = 1;
			remoteGlobalIDString = C713D93D2570E5EB001C3AFC;
			remoteInfo = Calculator;
		};
/* End PBXContainerItemProxy section */

/* Begin PBXFileReference section */
		C713D93E2570E5EB001C3AFC /* Calculator.app */ = {isa = PBXFileReference; explicitFileType = wrapper.application; includeInIndex = 0; path = Calculator.app; sourceTree = BUILT_PRODUCTS_DIR; };
		C713D9412570E5EB001C3AFC /* AppDelegate.swift */ = {isa = PBXFileReference; lastKnownFileType = sourcecode.swift; path = AppDelegate.swift; sourceTree = "<group>"; };
		C713D9432570E5EB001C3AFC /* SceneDelegate.swift */ = {isa = PBXFileReference; lastKnownFileType = sourcecode.swift; path = SceneDelegate.swift; sourceTree = "<group>"; };
		C713D9452570E5EB001C3AFC /* CalculatorViewController.swift */ = {isa = PBXFileReference; lastKnownFileType = sourcecode.swift; path = CalculatorViewController.swift; sourceTree = "<group>"; };
		C713D9482570E5EB001C3AFC /* Base */ = {isa = PBXFileReference; lastKnownFileType = file.storyboard; name = Base; path = Base.lproj/Main.storyboard; sourceTree = "<group>"; };
		C713D94A2570E5ED001C3AFC /* Assets.xcassets */ = {isa = PBXFileReference; lastKnownFileType = folder.assetcatalog; path = Assets.xcassets; sourceTree = "<group>"; };
		C713D94D2570E5ED001C3AFC /* Base */ = {isa = PBXFileReference; lastKnownFileType = file.storyboard; name = Base; path = Base.lproj/LaunchScreen.storyboard; sourceTree = "<group>"; };
		C713D94F2570E5ED001C3AFC /* Info.plist */ = {isa = PBXFileReference; lastKnownFileType = text.plist.xml; path = Info.plist; sourceTree = "<group>"; };
		FB57DB832980C0EF00BEEE09 /* CalculatorItemQueue.swift */ = {isa = PBXFileReference; lastKnownFileType = sourcecode.swift; path = CalculatorItemQueue.swift; sourceTree = "<group>"; };
		FB57DB9A2980DBCF00BEEE09 /* CalculatorItemQueueTests.xctest */ = {isa = PBXFileReference; explicitFileType = wrapper.cfbundle; includeInIndex = 0; path = CalculatorItemQueueTests.xctest; sourceTree = BUILT_PRODUCTS_DIR; };
		FB57DB9C2980DBCF00BEEE09 /* CalculatorItemQueueTests.swift */ = {isa = PBXFileReference; lastKnownFileType = sourcecode.swift; path = CalculatorItemQueueTests.swift; sourceTree = "<group>"; };
		FB57DBA329811E4B00BEEE09 /* CalculateItemProtocol.swift */ = {isa = PBXFileReference; lastKnownFileType = sourcecode.swift; path = CalculateItemProtocol.swift; sourceTree = "<group>"; };
		FB57DBBE29835D1F00BEEE09 /* Operator.swift */ = {isa = PBXFileReference; lastKnownFileType = sourcecode.swift; path = Operator.swift; sourceTree = "<group>"; };
		FB57DBC4298361CD00BEEE09 /* OperatorTests.xctest */ = {isa = PBXFileReference; explicitFileType = wrapper.cfbundle; includeInIndex = 0; path = OperatorTests.xctest; sourceTree = BUILT_PRODUCTS_DIR; };
		FB57DBC6298361CD00BEEE09 /* OperatorTests.swift */ = {isa = PBXFileReference; lastKnownFileType = sourcecode.swift; path = OperatorTests.swift; sourceTree = "<group>"; };
		FB57DBD22983755C00BEEE09 /* CalculatorError.swift */ = {isa = PBXFileReference; lastKnownFileType = sourcecode.swift; path = CalculatorError.swift; sourceTree = "<group>"; };
		FB99DF252984180B008F4C96 /* ExpressionParser.swift */ = {isa = PBXFileReference; lastKnownFileType = sourcecode.swift; path = ExpressionParser.swift; sourceTree = "<group>"; };
		FB99DF2B29841867008F4C96 /* ExpressionParserTests.xctest */ = {isa = PBXFileReference; explicitFileType = wrapper.cfbundle; includeInIndex = 0; path = ExpressionParserTests.xctest; sourceTree = BUILT_PRODUCTS_DIR; };
		FB99DF2D29841867008F4C96 /* ExpressionParserTests.swift */ = {isa = PBXFileReference; lastKnownFileType = sourcecode.swift; path = ExpressionParserTests.swift; sourceTree = "<group>"; };
		FB99DF57298556A3008F4C96 /* ExtensionStringTests.xctest */ = {isa = PBXFileReference; explicitFileType = wrapper.cfbundle; includeInIndex = 0; path = ExtensionStringTests.xctest; sourceTree = BUILT_PRODUCTS_DIR; };
		FB99DF59298556A3008F4C96 /* ExtensionStringTests.swift */ = {isa = PBXFileReference; lastKnownFileType = sourcecode.swift; path = ExtensionStringTests.swift; sourceTree = "<group>"; };
		FBAF8F7C29838B0900FD26EA /* String.swift */ = {isa = PBXFileReference; lastKnownFileType = sourcecode.swift; path = String.swift; sourceTree = "<group>"; };
		FBAF8F7E29838B7400FD26EA /* Double.swift */ = {isa = PBXFileReference; lastKnownFileType = sourcecode.swift; path = Double.swift; sourceTree = "<group>"; };
		FBAF8F8029838EFF00FD26EA /* Formula.swift */ = {isa = PBXFileReference; lastKnownFileType = sourcecode.swift; path = Formula.swift; sourceTree = "<group>"; };
		FBAF8F862983DABB00FD26EA /* FormulaTests.xctest */ = {isa = PBXFileReference; explicitFileType = wrapper.cfbundle; includeInIndex = 0; path = FormulaTests.xctest; sourceTree = BUILT_PRODUCTS_DIR; };
		FBAF8F882983DABC00FD26EA /* FormulaTests.swift */ = {isa = PBXFileReference; lastKnownFileType = sourcecode.swift; path = FormulaTests.swift; sourceTree = "<group>"; };
		FBB0AC28298C9223009F7334 /* Expression.swift */ = {isa = PBXFileReference; lastKnownFileType = sourcecode.swift; path = Expression.swift; sourceTree = "<group>"; };
/* End PBXFileReference section */

/* Begin PBXFrameworksBuildPhase section */
		C713D93B2570E5EB001C3AFC /* Frameworks */ = {
			isa = PBXFrameworksBuildPhase;
			buildActionMask = 2147483647;
			files = (
			);
			runOnlyForDeploymentPostprocessing = 0;
		};
		FB57DB972980DBCF00BEEE09 /* Frameworks */ = {
			isa = PBXFrameworksBuildPhase;
			buildActionMask = 2147483647;
			files = (
			);
			runOnlyForDeploymentPostprocessing = 0;
		};
		FB57DBC1298361CD00BEEE09 /* Frameworks */ = {
			isa = PBXFrameworksBuildPhase;
			buildActionMask = 2147483647;
			files = (
			);
			runOnlyForDeploymentPostprocessing = 0;
		};
		FB99DF2829841867008F4C96 /* Frameworks */ = {
			isa = PBXFrameworksBuildPhase;
			buildActionMask = 2147483647;
			files = (
			);
			runOnlyForDeploymentPostprocessing = 0;
		};
		FB99DF54298556A3008F4C96 /* Frameworks */ = {
			isa = PBXFrameworksBuildPhase;
			buildActionMask = 2147483647;
			files = (
			);
			runOnlyForDeploymentPostprocessing = 0;
		};
		FBAF8F832983DABB00FD26EA /* Frameworks */ = {
			isa = PBXFrameworksBuildPhase;
			buildActionMask = 2147483647;
			files = (
			);
			runOnlyForDeploymentPostprocessing = 0;
		};
/* End PBXFrameworksBuildPhase section */

/* Begin PBXGroup section */
		C713D9352570E5EB001C3AFC = {
			isa = PBXGroup;
			children = (
				C713D9402570E5EB001C3AFC /* Calculator */,
				FB57DB9B2980DBCF00BEEE09 /* CalculatorItemQueueTests */,
				FB57DBC5298361CD00BEEE09 /* OperatorTests */,
				FBAF8F872983DABC00FD26EA /* FormulaTests */,
				FB99DF2C29841867008F4C96 /* ExpressionParserTests */,
				FB99DF58298556A3008F4C96 /* ExtensionStringTests */,
				C713D93F2570E5EB001C3AFC /* Products */,
			);
			sourceTree = "<group>";
		};
		C713D93F2570E5EB001C3AFC /* Products */ = {
			isa = PBXGroup;
			children = (
				C713D93E2570E5EB001C3AFC /* Calculator.app */,
				FB57DB9A2980DBCF00BEEE09 /* CalculatorItemQueueTests.xctest */,
				FB57DBC4298361CD00BEEE09 /* OperatorTests.xctest */,
				FBAF8F862983DABB00FD26EA /* FormulaTests.xctest */,
				FB99DF2B29841867008F4C96 /* ExpressionParserTests.xctest */,
				FB99DF57298556A3008F4C96 /* ExtensionStringTests.xctest */,
			);
			name = Products;
			sourceTree = "<group>";
		};
		C713D9402570E5EB001C3AFC /* Calculator */ = {
			isa = PBXGroup;
			children = (
				FB57DB822980C0D500BEEE09 /* Model */,
				C713D9412570E5EB001C3AFC /* AppDelegate.swift */,
				C713D9432570E5EB001C3AFC /* SceneDelegate.swift */,
				C713D9452570E5EB001C3AFC /* CalculatorViewController.swift */,
				C713D9472570E5EB001C3AFC /* Main.storyboard */,
				C713D94A2570E5ED001C3AFC /* Assets.xcassets */,
				C713D94C2570E5ED001C3AFC /* LaunchScreen.storyboard */,
				C713D94F2570E5ED001C3AFC /* Info.plist */,
			);
			path = Calculator;
			sourceTree = "<group>";
		};
		FB57DB822980C0D500BEEE09 /* Model */ = {
			isa = PBXGroup;
			children = (
				FB57DBA329811E4B00BEEE09 /* CalculateItemProtocol.swift */,
				FB57DB832980C0EF00BEEE09 /* CalculatorItemQueue.swift */,
				FBAF8F8029838EFF00FD26EA /* Formula.swift */,
				FBAF8F7B29838AF700FD26EA /* Extension */,
				FB57DBD12983723200BEEE09 /* Enumeration */,
			);
			path = Model;
			sourceTree = "<group>";
		};
		FB57DB9B2980DBCF00BEEE09 /* CalculatorItemQueueTests */ = {
			isa = PBXGroup;
			children = (
				FB57DB9C2980DBCF00BEEE09 /* CalculatorItemQueueTests.swift */,
			);
			path = CalculatorItemQueueTests;
			sourceTree = "<group>";
		};
		FB57DBC5298361CD00BEEE09 /* OperatorTests */ = {
			isa = PBXGroup;
			children = (
				FB57DBC6298361CD00BEEE09 /* OperatorTests.swift */,
			);
			path = OperatorTests;
			sourceTree = "<group>";
		};
		FB57DBD12983723200BEEE09 /* Enumeration */ = {
			isa = PBXGroup;
			children = (
				FB57DBBE29835D1F00BEEE09 /* Operator.swift */,
				FB57DBD22983755C00BEEE09 /* CalculatorError.swift */,
				FB99DF252984180B008F4C96 /* ExpressionParser.swift */,
				FBB0AC28298C9223009F7334 /* Expression.swift */,
			);
			path = Enumeration;
			sourceTree = "<group>";
		};
		FB99DF2C29841867008F4C96 /* ExpressionParserTests */ = {
			isa = PBXGroup;
			children = (
				FB99DF2D29841867008F4C96 /* ExpressionParserTests.swift */,
			);
			path = ExpressionParserTests;
			sourceTree = "<group>";
		};
		FB99DF58298556A3008F4C96 /* ExtensionStringTests */ = {
			isa = PBXGroup;
			children = (
				FB99DF59298556A3008F4C96 /* ExtensionStringTests.swift */,
			);
			path = ExtensionStringTests;
			sourceTree = "<group>";
		};
		FBAF8F7B29838AF700FD26EA /* Extension */ = {
			isa = PBXGroup;
			children = (
				FBAF8F7C29838B0900FD26EA /* String.swift */,
				FBAF8F7E29838B7400FD26EA /* Double.swift */,
			);
			path = Extension;
			sourceTree = "<group>";
		};
		FBAF8F872983DABC00FD26EA /* FormulaTests */ = {
			isa = PBXGroup;
			children = (
				FBAF8F882983DABC00FD26EA /* FormulaTests.swift */,
			);
			path = FormulaTests;
			sourceTree = "<group>";
		};
/* End PBXGroup section */

/* Begin PBXNativeTarget section */
		C713D93D2570E5EB001C3AFC /* Calculator */ = {
			isa = PBXNativeTarget;
			buildConfigurationList = C713D9522570E5ED001C3AFC /* Build configuration list for PBXNativeTarget "Calculator" */;
			buildPhases = (
				C713D93A2570E5EB001C3AFC /* Sources */,
				C713D93B2570E5EB001C3AFC /* Frameworks */,
				C713D93C2570E5EB001C3AFC /* Resources */,
			);
			buildRules = (
			);
			dependencies = (
			);
			name = Calculator;
			productName = Calculator;
			productReference = C713D93E2570E5EB001C3AFC /* Calculator.app */;
			productType = "com.apple.product-type.application";
		};
		FB57DB992980DBCF00BEEE09 /* CalculatorItemQueueTests */ = {
			isa = PBXNativeTarget;
			buildConfigurationList = FB57DBA02980DBCF00BEEE09 /* Build configuration list for PBXNativeTarget "CalculatorItemQueueTests" */;
			buildPhases = (
				FB57DB962980DBCF00BEEE09 /* Sources */,
				FB57DB972980DBCF00BEEE09 /* Frameworks */,
				FB57DB982980DBCF00BEEE09 /* Resources */,
			);
			buildRules = (
			);
			dependencies = (
				FB57DB9F2980DBCF00BEEE09 /* PBXTargetDependency */,
			);
			name = CalculatorItemQueueTests;
			productName = CalculatorItemQueueTests;
			productReference = FB57DB9A2980DBCF00BEEE09 /* CalculatorItemQueueTests.xctest */;
			productType = "com.apple.product-type.bundle.unit-test";
		};
		FB57DBC3298361CD00BEEE09 /* OperatorTests */ = {
			isa = PBXNativeTarget;
			buildConfigurationList = FB57DBCA298361CD00BEEE09 /* Build configuration list for PBXNativeTarget "OperatorTests" */;
			buildPhases = (
				FB57DBC0298361CD00BEEE09 /* Sources */,
				FB57DBC1298361CD00BEEE09 /* Frameworks */,
				FB57DBC2298361CD00BEEE09 /* Resources */,
			);
			buildRules = (
			);
			dependencies = (
				FB57DBC9298361CD00BEEE09 /* PBXTargetDependency */,
			);
			name = OperatorTests;
			productName = OperatorTests;
			productReference = FB57DBC4298361CD00BEEE09 /* OperatorTests.xctest */;
			productType = "com.apple.product-type.bundle.unit-test";
		};
		FB99DF2A29841867008F4C96 /* ExpressionParserTests */ = {
			isa = PBXNativeTarget;
			buildConfigurationList = FB99DF3129841867008F4C96 /* Build configuration list for PBXNativeTarget "ExpressionParserTests" */;
			buildPhases = (
				FB99DF2729841867008F4C96 /* Sources */,
				FB99DF2829841867008F4C96 /* Frameworks */,
				FB99DF2929841867008F4C96 /* Resources */,
			);
			buildRules = (
			);
			dependencies = (
				FB99DF3029841867008F4C96 /* PBXTargetDependency */,
			);
			name = ExpressionParserTests;
			productName = ExpressionParserTests;
			productReference = FB99DF2B29841867008F4C96 /* ExpressionParserTests.xctest */;
			productType = "com.apple.product-type.bundle.unit-test";
		};
		FB99DF56298556A3008F4C96 /* ExtensionStringTests */ = {
			isa = PBXNativeTarget;
			buildConfigurationList = FB99DF5F298556A3008F4C96 /* Build configuration list for PBXNativeTarget "ExtensionStringTests" */;
			buildPhases = (
				FB99DF53298556A3008F4C96 /* Sources */,
				FB99DF54298556A3008F4C96 /* Frameworks */,
				FB99DF55298556A3008F4C96 /* Resources */,
			);
			buildRules = (
			);
			dependencies = (
				FB99DF5C298556A3008F4C96 /* PBXTargetDependency */,
			);
			name = ExtensionStringTests;
			productName = ExtensionStringTests;
			productReference = FB99DF57298556A3008F4C96 /* ExtensionStringTests.xctest */;
			productType = "com.apple.product-type.bundle.unit-test";
		};
		FBAF8F852983DABB00FD26EA /* FormulaTests */ = {
			isa = PBXNativeTarget;
			buildConfigurationList = FBAF8F8E2983DABC00FD26EA /* Build configuration list for PBXNativeTarget "FormulaTests" */;
			buildPhases = (
				FBAF8F822983DABB00FD26EA /* Sources */,
				FBAF8F832983DABB00FD26EA /* Frameworks */,
				FBAF8F842983DABB00FD26EA /* Resources */,
			);
			buildRules = (
			);
			dependencies = (
				FBAF8F8B2983DABC00FD26EA /* PBXTargetDependency */,
			);
			name = FormulaTests;
			productName = FormulaTests;
			productReference = FBAF8F862983DABB00FD26EA /* FormulaTests.xctest */;
			productType = "com.apple.product-type.bundle.unit-test";
		};
/* End PBXNativeTarget section */

/* Begin PBXProject section */
		C713D9362570E5EB001C3AFC /* Project object */ = {
			isa = PBXProject;
			attributes = {
				LastSwiftUpdateCheck = 1420;
				LastUpgradeCheck = 1420;
				TargetAttributes = {
					C713D93D2570E5EB001C3AFC = {
						CreatedOnToolsVersion = 12.1;
					};
					FB57DB992980DBCF00BEEE09 = {
						CreatedOnToolsVersion = 14.2;
						TestTargetID = C713D93D2570E5EB001C3AFC;
					};
					FB57DBC3298361CD00BEEE09 = {
						CreatedOnToolsVersion = 14.2;
						TestTargetID = C713D93D2570E5EB001C3AFC;
					};
					FB99DF2A29841867008F4C96 = {
						CreatedOnToolsVersion = 14.2;
						TestTargetID = C713D93D2570E5EB001C3AFC;
					};
					FB99DF56298556A3008F4C96 = {
						CreatedOnToolsVersion = 14.2;
						TestTargetID = C713D93D2570E5EB001C3AFC;
					};
					FBAF8F852983DABB00FD26EA = {
						CreatedOnToolsVersion = 14.2;
						TestTargetID = C713D93D2570E5EB001C3AFC;
					};
				};
			};
			buildConfigurationList = C713D9392570E5EB001C3AFC /* Build configuration list for PBXProject "Calculator" */;
			compatibilityVersion = "Xcode 9.3";
			developmentRegion = en;
			hasScannedForEncodings = 0;
			knownRegions = (
				en,
				Base,
			);
			mainGroup = C713D9352570E5EB001C3AFC;
			productRefGroup = C713D93F2570E5EB001C3AFC /* Products */;
			projectDirPath = "";
			projectRoot = "";
			targets = (
				C713D93D2570E5EB001C3AFC /* Calculator */,
				FB57DB992980DBCF00BEEE09 /* CalculatorItemQueueTests */,
				FB57DBC3298361CD00BEEE09 /* OperatorTests */,
				FBAF8F852983DABB00FD26EA /* FormulaTests */,
				FB99DF2A29841867008F4C96 /* ExpressionParserTests */,
				FB99DF56298556A3008F4C96 /* ExtensionStringTests */,
			);
		};
/* End PBXProject section */

/* Begin PBXResourcesBuildPhase section */
		C713D93C2570E5EB001C3AFC /* Resources */ = {
			isa = PBXResourcesBuildPhase;
			buildActionMask = 2147483647;
			files = (
				C713D94E2570E5ED001C3AFC /* LaunchScreen.storyboard in Resources */,
				C713D94B2570E5ED001C3AFC /* Assets.xcassets in Resources */,
				C713D9492570E5EB001C3AFC /* Main.storyboard in Resources */,
			);
			runOnlyForDeploymentPostprocessing = 0;
		};
		FB57DB982980DBCF00BEEE09 /* Resources */ = {
			isa = PBXResourcesBuildPhase;
			buildActionMask = 2147483647;
			files = (
			);
			runOnlyForDeploymentPostprocessing = 0;
		};
		FB57DBC2298361CD00BEEE09 /* Resources */ = {
			isa = PBXResourcesBuildPhase;
			buildActionMask = 2147483647;
			files = (
			);
			runOnlyForDeploymentPostprocessing = 0;
		};
		FB99DF2929841867008F4C96 /* Resources */ = {
			isa = PBXResourcesBuildPhase;
			buildActionMask = 2147483647;
			files = (
			);
			runOnlyForDeploymentPostprocessing = 0;
		};
		FB99DF55298556A3008F4C96 /* Resources */ = {
			isa = PBXResourcesBuildPhase;
			buildActionMask = 2147483647;
			files = (
			);
			runOnlyForDeploymentPostprocessing = 0;
		};
		FBAF8F842983DABB00FD26EA /* Resources */ = {
			isa = PBXResourcesBuildPhase;
			buildActionMask = 2147483647;
			files = (
			);
			runOnlyForDeploymentPostprocessing = 0;
		};
/* End PBXResourcesBuildPhase section */

/* Begin PBXSourcesBuildPhase section */
		C713D93A2570E5EB001C3AFC /* Sources */ = {
			isa = PBXSourcesBuildPhase;
			buildActionMask = 2147483647;
			files = (
				C713D9462570E5EB001C3AFC /* CalculatorViewController.swift in Sources */,
				FB57DBBF29835D1F00BEEE09 /* Operator.swift in Sources */,
				FB57DBA429811E4B00BEEE09 /* CalculateItemProtocol.swift in Sources */,
				C713D9422570E5EB001C3AFC /* AppDelegate.swift in Sources */,
				FB57DB842980C0EF00BEEE09 /* CalculatorItemQueue.swift in Sources */,
				C713D9442570E5EB001C3AFC /* SceneDelegate.swift in Sources */,
				FB57DBD32983755C00BEEE09 /* CalculatorError.swift in Sources */,
				FBAF8F7F29838B7400FD26EA /* Double.swift in Sources */,
				FBAF8F8129838EFF00FD26EA /* Formula.swift in Sources */,
				FB99DF262984180B008F4C96 /* ExpressionParser.swift in Sources */,
				FBAF8F7D29838B0900FD26EA /* String.swift in Sources */,
				FBB0AC29298C9223009F7334 /* Expression.swift in Sources */,
			);
			runOnlyForDeploymentPostprocessing = 0;
		};
		FB57DB962980DBCF00BEEE09 /* Sources */ = {
			isa = PBXSourcesBuildPhase;
			buildActionMask = 2147483647;
			files = (
				FB57DB9D2980DBCF00BEEE09 /* CalculatorItemQueueTests.swift in Sources */,
			);
			runOnlyForDeploymentPostprocessing = 0;
		};
		FB57DBC0298361CD00BEEE09 /* Sources */ = {
			isa = PBXSourcesBuildPhase;
			buildActionMask = 2147483647;
			files = (
				FB57DBC7298361CD00BEEE09 /* OperatorTests.swift in Sources */,
			);
			runOnlyForDeploymentPostprocessing = 0;
		};
		FB99DF2729841867008F4C96 /* Sources */ = {
			isa = PBXSourcesBuildPhase;
			buildActionMask = 2147483647;
			files = (
				FB99DF2E29841867008F4C96 /* ExpressionParserTests.swift in Sources */,
			);
			runOnlyForDeploymentPostprocessing = 0;
		};
		FB99DF53298556A3008F4C96 /* Sources */ = {
			isa = PBXSourcesBuildPhase;
			buildActionMask = 2147483647;
			files = (
				FB99DF5A298556A3008F4C96 /* ExtensionStringTests.swift in Sources */,
			);
			runOnlyForDeploymentPostprocessing = 0;
		};
		FBAF8F822983DABB00FD26EA /* Sources */ = {
			isa = PBXSourcesBuildPhase;
			buildActionMask = 2147483647;
			files = (
				FBAF8F892983DABC00FD26EA /* FormulaTests.swift in Sources */,
			);
			runOnlyForDeploymentPostprocessing = 0;
		};
/* End PBXSourcesBuildPhase section */

/* Begin PBXTargetDependency section */
		FB57DB9F2980DBCF00BEEE09 /* PBXTargetDependency */ = {
			isa = PBXTargetDependency;
			target = C713D93D2570E5EB001C3AFC /* Calculator */;
			targetProxy = FB57DB9E2980DBCF00BEEE09 /* PBXContainerItemProxy */;
		};
		FB57DBC9298361CD00BEEE09 /* PBXTargetDependency */ = {
			isa = PBXTargetDependency;
			target = C713D93D2570E5EB001C3AFC /* Calculator */;
			targetProxy = FB57DBC8298361CD00BEEE09 /* PBXContainerItemProxy */;
		};
		FB99DF3029841867008F4C96 /* PBXTargetDependency */ = {
			isa = PBXTargetDependency;
			target = C713D93D2570E5EB001C3AFC /* Calculator */;
			targetProxy = FB99DF2F29841867008F4C96 /* PBXContainerItemProxy */;
		};
		FB99DF5C298556A3008F4C96 /* PBXTargetDependency */ = {
			isa = PBXTargetDependency;
			target = C713D93D2570E5EB001C3AFC /* Calculator */;
			targetProxy = FB99DF5B298556A3008F4C96 /* PBXContainerItemProxy */;
		};
		FBAF8F8B2983DABC00FD26EA /* PBXTargetDependency */ = {
			isa = PBXTargetDependency;
			target = C713D93D2570E5EB001C3AFC /* Calculator */;
			targetProxy = FBAF8F8A2983DABC00FD26EA /* PBXContainerItemProxy */;
		};
/* End PBXTargetDependency section */

/* Begin PBXVariantGroup section */
		C713D9472570E5EB001C3AFC /* Main.storyboard */ = {
			isa = PBXVariantGroup;
			children = (
				C713D9482570E5EB001C3AFC /* Base */,
			);
			name = Main.storyboard;
			sourceTree = "<group>";
		};
		C713D94C2570E5ED001C3AFC /* LaunchScreen.storyboard */ = {
			isa = PBXVariantGroup;
			children = (
				C713D94D2570E5ED001C3AFC /* Base */,
			);
			name = LaunchScreen.storyboard;
			sourceTree = "<group>";
		};
/* End PBXVariantGroup section */

/* Begin XCBuildConfiguration section */
		C713D9502570E5ED001C3AFC /* Debug */ = {
			isa = XCBuildConfiguration;
			buildSettings = {
				ALWAYS_SEARCH_USER_PATHS = NO;
				CLANG_ANALYZER_NONNULL = YES;
				CLANG_ANALYZER_NUMBER_OBJECT_CONVERSION = YES_AGGRESSIVE;
				CLANG_CXX_LANGUAGE_STANDARD = "gnu++14";
				CLANG_CXX_LIBRARY = "libc++";
				CLANG_ENABLE_MODULES = YES;
				CLANG_ENABLE_OBJC_ARC = YES;
				CLANG_ENABLE_OBJC_WEAK = YES;
				CLANG_WARN_BLOCK_CAPTURE_AUTORELEASING = YES;
				CLANG_WARN_BOOL_CONVERSION = YES;
				CLANG_WARN_COMMA = YES;
				CLANG_WARN_CONSTANT_CONVERSION = YES;
				CLANG_WARN_DEPRECATED_OBJC_IMPLEMENTATIONS = YES;
				CLANG_WARN_DIRECT_OBJC_ISA_USAGE = YES_ERROR;
				CLANG_WARN_DOCUMENTATION_COMMENTS = YES;
				CLANG_WARN_EMPTY_BODY = YES;
				CLANG_WARN_ENUM_CONVERSION = YES;
				CLANG_WARN_INFINITE_RECURSION = YES;
				CLANG_WARN_INT_CONVERSION = YES;
				CLANG_WARN_NON_LITERAL_NULL_CONVERSION = YES;
				CLANG_WARN_OBJC_IMPLICIT_RETAIN_SELF = YES;
				CLANG_WARN_OBJC_LITERAL_CONVERSION = YES;
				CLANG_WARN_OBJC_ROOT_CLASS = YES_ERROR;
				CLANG_WARN_QUOTED_INCLUDE_IN_FRAMEWORK_HEADER = YES;
				CLANG_WARN_RANGE_LOOP_ANALYSIS = YES;
				CLANG_WARN_STRICT_PROTOTYPES = YES;
				CLANG_WARN_SUSPICIOUS_MOVE = YES;
				CLANG_WARN_UNGUARDED_AVAILABILITY = YES_AGGRESSIVE;
				CLANG_WARN_UNREACHABLE_CODE = YES;
				CLANG_WARN__DUPLICATE_METHOD_MATCH = YES;
				COPY_PHASE_STRIP = NO;
				DEBUG_INFORMATION_FORMAT = dwarf;
				ENABLE_STRICT_OBJC_MSGSEND = YES;
				ENABLE_TESTABILITY = YES;
				GCC_C_LANGUAGE_STANDARD = gnu11;
				GCC_DYNAMIC_NO_PIC = NO;
				GCC_NO_COMMON_BLOCKS = YES;
				GCC_OPTIMIZATION_LEVEL = 0;
				GCC_PREPROCESSOR_DEFINITIONS = (
					"DEBUG=1",
					"$(inherited)",
				);
				GCC_WARN_64_TO_32_BIT_CONVERSION = YES;
				GCC_WARN_ABOUT_RETURN_TYPE = YES_ERROR;
				GCC_WARN_UNDECLARED_SELECTOR = YES;
				GCC_WARN_UNINITIALIZED_AUTOS = YES_AGGRESSIVE;
				GCC_WARN_UNUSED_FUNCTION = YES;
				GCC_WARN_UNUSED_VARIABLE = YES;
				IPHONEOS_DEPLOYMENT_TARGET = 14.1;
				MTL_ENABLE_DEBUG_INFO = INCLUDE_SOURCE;
				MTL_FAST_MATH = YES;
				ONLY_ACTIVE_ARCH = YES;
				SDKROOT = iphoneos;
				SUPPORTED_PLATFORMS = "iphonesimulator iphoneos macosx";
				SWIFT_ACTIVE_COMPILATION_CONDITIONS = DEBUG;
				SWIFT_OPTIMIZATION_LEVEL = "-Onone";
			};
			name = Debug;
		};
		C713D9512570E5ED001C3AFC /* Release */ = {
			isa = XCBuildConfiguration;
			buildSettings = {
				ALWAYS_SEARCH_USER_PATHS = NO;
				CLANG_ANALYZER_NONNULL = YES;
				CLANG_ANALYZER_NUMBER_OBJECT_CONVERSION = YES_AGGRESSIVE;
				CLANG_CXX_LANGUAGE_STANDARD = "gnu++14";
				CLANG_CXX_LIBRARY = "libc++";
				CLANG_ENABLE_MODULES = YES;
				CLANG_ENABLE_OBJC_ARC = YES;
				CLANG_ENABLE_OBJC_WEAK = YES;
				CLANG_WARN_BLOCK_CAPTURE_AUTORELEASING = YES;
				CLANG_WARN_BOOL_CONVERSION = YES;
				CLANG_WARN_COMMA = YES;
				CLANG_WARN_CONSTANT_CONVERSION = YES;
				CLANG_WARN_DEPRECATED_OBJC_IMPLEMENTATIONS = YES;
				CLANG_WARN_DIRECT_OBJC_ISA_USAGE = YES_ERROR;
				CLANG_WARN_DOCUMENTATION_COMMENTS = YES;
				CLANG_WARN_EMPTY_BODY = YES;
				CLANG_WARN_ENUM_CONVERSION = YES;
				CLANG_WARN_INFINITE_RECURSION = YES;
				CLANG_WARN_INT_CONVERSION = YES;
				CLANG_WARN_NON_LITERAL_NULL_CONVERSION = YES;
				CLANG_WARN_OBJC_IMPLICIT_RETAIN_SELF = YES;
				CLANG_WARN_OBJC_LITERAL_CONVERSION = YES;
				CLANG_WARN_OBJC_ROOT_CLASS = YES_ERROR;
				CLANG_WARN_QUOTED_INCLUDE_IN_FRAMEWORK_HEADER = YES;
				CLANG_WARN_RANGE_LOOP_ANALYSIS = YES;
				CLANG_WARN_STRICT_PROTOTYPES = YES;
				CLANG_WARN_SUSPICIOUS_MOVE = YES;
				CLANG_WARN_UNGUARDED_AVAILABILITY = YES_AGGRESSIVE;
				CLANG_WARN_UNREACHABLE_CODE = YES;
				CLANG_WARN__DUPLICATE_METHOD_MATCH = YES;
				COPY_PHASE_STRIP = NO;
				DEBUG_INFORMATION_FORMAT = "dwarf-with-dsym";
				ENABLE_NS_ASSERTIONS = NO;
				ENABLE_STRICT_OBJC_MSGSEND = YES;
				GCC_C_LANGUAGE_STANDARD = gnu11;
				GCC_NO_COMMON_BLOCKS = YES;
				GCC_WARN_64_TO_32_BIT_CONVERSION = YES;
				GCC_WARN_ABOUT_RETURN_TYPE = YES_ERROR;
				GCC_WARN_UNDECLARED_SELECTOR = YES;
				GCC_WARN_UNINITIALIZED_AUTOS = YES_AGGRESSIVE;
				GCC_WARN_UNUSED_FUNCTION = YES;
				GCC_WARN_UNUSED_VARIABLE = YES;
				IPHONEOS_DEPLOYMENT_TARGET = 14.1;
				MTL_ENABLE_DEBUG_INFO = NO;
				MTL_FAST_MATH = YES;
				ONLY_ACTIVE_ARCH = YES;
				SDKROOT = iphoneos;
				SUPPORTED_PLATFORMS = "iphonesimulator iphoneos";
				SWIFT_COMPILATION_MODE = wholemodule;
				SWIFT_OPTIMIZATION_LEVEL = "-O";
				VALIDATE_PRODUCT = YES;
			};
			name = Release;
		};
		C713D9532570E5ED001C3AFC /* Debug */ = {
			isa = XCBuildConfiguration;
			buildSettings = {
				ASSETCATALOG_COMPILER_APPICON_NAME = AppIcon;
				ASSETCATALOG_COMPILER_GLOBAL_ACCENT_COLOR_NAME = AccentColor;
				CODE_SIGN_STYLE = Automatic;
				INFOPLIST_FILE = Calculator/Info.plist;
				LD_RUNPATH_SEARCH_PATHS = (
					"$(inherited)",
					"@executable_path/Frameworks",
				);
				ONLY_ACTIVE_ARCH = NO;
				PRODUCT_BUNDLE_IDENTIFIER = net.yagom.Calculator;
				PRODUCT_NAME = "$(TARGET_NAME)";
				SUPPORTED_PLATFORMS = "iphonesimulator iphoneos macosx";
				SWIFT_VERSION = 5.0;
				TARGETED_DEVICE_FAMILY = 1;
			};
			name = Debug;
		};
		C713D9542570E5ED001C3AFC /* Release */ = {
			isa = XCBuildConfiguration;
			buildSettings = {
				ASSETCATALOG_COMPILER_APPICON_NAME = AppIcon;
				ASSETCATALOG_COMPILER_GLOBAL_ACCENT_COLOR_NAME = AccentColor;
				CODE_SIGN_STYLE = Automatic;
				INFOPLIST_FILE = Calculator/Info.plist;
				LD_RUNPATH_SEARCH_PATHS = (
					"$(inherited)",
					"@executable_path/Frameworks",
				);
				ONLY_ACTIVE_ARCH = YES;
				PRODUCT_BUNDLE_IDENTIFIER = net.yagom.Calculator;
				PRODUCT_NAME = "$(TARGET_NAME)";
				SUPPORTED_PLATFORMS = "iphonesimulator iphoneos";
				SWIFT_VERSION = 5.0;
				TARGETED_DEVICE_FAMILY = 1;
			};
			name = Release;
		};
		FB57DBA12980DBCF00BEEE09 /* Debug */ = {
			isa = XCBuildConfiguration;
			buildSettings = {
				BUNDLE_LOADER = "$(TEST_HOST)";
				CLANG_CXX_LANGUAGE_STANDARD = "gnu++20";
				CODE_SIGN_STYLE = Automatic;
				CURRENT_PROJECT_VERSION = 1;
				DEAD_CODE_STRIPPING = YES;
				GENERATE_INFOPLIST_FILE = YES;
				IPHONEOS_DEPLOYMENT_TARGET = 16.2;
				MACOSX_DEPLOYMENT_TARGET = 13.1;
				MARKETING_VERSION = 1.0;
				ONLY_ACTIVE_ARCH = YES;
				PRODUCT_BUNDLE_IDENTIFIER = net.riji.CalculatorItemQueueTests;
				PRODUCT_NAME = "$(TARGET_NAME)";
				SDKROOT = auto;
				SUPPORTED_PLATFORMS = "iphoneos iphonesimulator macosx";
				SWIFT_EMIT_LOC_STRINGS = NO;
				SWIFT_VERSION = 5.0;
				TARGETED_DEVICE_FAMILY = "1,2";
				TEST_HOST = "$(BUILT_PRODUCTS_DIR)/Calculator.app/$(BUNDLE_EXECUTABLE_FOLDER_PATH)/Calculator";
			};
			name = Debug;
		};
		FB57DBA22980DBCF00BEEE09 /* Release */ = {
			isa = XCBuildConfiguration;
			buildSettings = {
				BUNDLE_LOADER = "$(TEST_HOST)";
				CLANG_CXX_LANGUAGE_STANDARD = "gnu++20";
				CODE_SIGN_STYLE = Automatic;
				CURRENT_PROJECT_VERSION = 1;
				DEAD_CODE_STRIPPING = YES;
				GENERATE_INFOPLIST_FILE = YES;
				IPHONEOS_DEPLOYMENT_TARGET = 16.2;
				MACOSX_DEPLOYMENT_TARGET = 13.1;
				MARKETING_VERSION = 1.0;
				PRODUCT_BUNDLE_IDENTIFIER = net.riji.CalculatorItemQueueTests;
				PRODUCT_NAME = "$(TARGET_NAME)";
				SDKROOT = auto;
				SUPPORTED_PLATFORMS = "iphoneos iphonesimulator macosx";
				SWIFT_EMIT_LOC_STRINGS = NO;
				SWIFT_VERSION = 5.0;
				TARGETED_DEVICE_FAMILY = "1,2";
				TEST_HOST = "$(BUILT_PRODUCTS_DIR)/Calculator.app/$(BUNDLE_EXECUTABLE_FOLDER_PATH)/Calculator";
			};
			name = Release;
		};
		FB57DBCB298361CD00BEEE09 /* Debug */ = {
			isa = XCBuildConfiguration;
			buildSettings = {
				BUNDLE_LOADER = "$(TEST_HOST)";
				CLANG_CXX_LANGUAGE_STANDARD = "gnu++20";
				CODE_SIGN_STYLE = Automatic;
				CURRENT_PROJECT_VERSION = 1;
				GENERATE_INFOPLIST_FILE = YES;
				IPHONEOS_DEPLOYMENT_TARGET = 16.2;
				MACOSX_DEPLOYMENT_TARGET = 13.1;
				MARKETING_VERSION = 1.0;
				PRODUCT_BUNDLE_IDENTIFIER = net.riji.OperatorTests;
				PRODUCT_NAME = "$(TARGET_NAME)";
				SDKROOT = auto;
				SUPPORTED_PLATFORMS = "iphoneos iphonesimulator macosx";
				SWIFT_EMIT_LOC_STRINGS = NO;
				SWIFT_VERSION = 5.0;
				TARGETED_DEVICE_FAMILY = "1,2";
				TEST_HOST = "$(BUILT_PRODUCTS_DIR)/Calculator.app/$(BUNDLE_EXECUTABLE_FOLDER_PATH)/Calculator";
			};
			name = Debug;
		};
		FB57DBCC298361CD00BEEE09 /* Release */ = {
			isa = XCBuildConfiguration;
			buildSettings = {
				BUNDLE_LOADER = "$(TEST_HOST)";
				CLANG_CXX_LANGUAGE_STANDARD = "gnu++20";
				CODE_SIGN_STYLE = Automatic;
				CURRENT_PROJECT_VERSION = 1;
				GENERATE_INFOPLIST_FILE = YES;
				IPHONEOS_DEPLOYMENT_TARGET = 16.2;
				MACOSX_DEPLOYMENT_TARGET = 13.1;
				MARKETING_VERSION = 1.0;
				PRODUCT_BUNDLE_IDENTIFIER = net.riji.OperatorTests;
				PRODUCT_NAME = "$(TARGET_NAME)";
				SDKROOT = auto;
				SUPPORTED_PLATFORMS = "iphoneos iphonesimulator macosx";
				SWIFT_EMIT_LOC_STRINGS = NO;
				SWIFT_VERSION = 5.0;
				TARGETED_DEVICE_FAMILY = "1,2";
				TEST_HOST = "$(BUILT_PRODUCTS_DIR)/Calculator.app/$(BUNDLE_EXECUTABLE_FOLDER_PATH)/Calculator";
			};
			name = Release;
		};
		FB99DF3229841867008F4C96 /* Debug */ = {
			isa = XCBuildConfiguration;
			buildSettings = {
				BUNDLE_LOADER = "$(TEST_HOST)";
				CLANG_CXX_LANGUAGE_STANDARD = "gnu++20";
				CODE_SIGN_STYLE = Automatic;
				CURRENT_PROJECT_VERSION = 1;
				GENERATE_INFOPLIST_FILE = YES;
				IPHONEOS_DEPLOYMENT_TARGET = 16.2;
				MACOSX_DEPLOYMENT_TARGET = 13.1;
				MARKETING_VERSION = 1.0;
				PRODUCT_BUNDLE_IDENTIFIER = net.riji.ExpressionParserTests;
				PRODUCT_NAME = "$(TARGET_NAME)";
				SDKROOT = auto;
				SUPPORTED_PLATFORMS = "iphoneos iphonesimulator macosx";
				SWIFT_EMIT_LOC_STRINGS = NO;
				SWIFT_VERSION = 5.0;
				TARGETED_DEVICE_FAMILY = "1,2";
				TEST_HOST = "$(BUILT_PRODUCTS_DIR)/Calculator.app/$(BUNDLE_EXECUTABLE_FOLDER_PATH)/Calculator";
			};
			name = Debug;
		};
		FB99DF3329841867008F4C96 /* Release */ = {
			isa = XCBuildConfiguration;
			buildSettings = {
				BUNDLE_LOADER = "$(TEST_HOST)";
				CLANG_CXX_LANGUAGE_STANDARD = "gnu++20";
				CODE_SIGN_STYLE = Automatic;
				CURRENT_PROJECT_VERSION = 1;
				GENERATE_INFOPLIST_FILE = YES;
				IPHONEOS_DEPLOYMENT_TARGET = 16.2;
				MACOSX_DEPLOYMENT_TARGET = 13.1;
				MARKETING_VERSION = 1.0;
				PRODUCT_BUNDLE_IDENTIFIER = net.riji.ExpressionParserTests;
				PRODUCT_NAME = "$(TARGET_NAME)";
				SDKROOT = auto;
				SUPPORTED_PLATFORMS = "iphoneos iphonesimulator macosx";
				SWIFT_EMIT_LOC_STRINGS = NO;
				SWIFT_VERSION = 5.0;
				TARGETED_DEVICE_FAMILY = "1,2";
				TEST_HOST = "$(BUILT_PRODUCTS_DIR)/Calculator.app/$(BUNDLE_EXECUTABLE_FOLDER_PATH)/Calculator";
			};
			name = Release;
		};
		FB99DF5D298556A3008F4C96 /* Debug */ = {
			isa = XCBuildConfiguration;
			buildSettings = {
				BUNDLE_LOADER = "$(TEST_HOST)";
				CLANG_CXX_LANGUAGE_STANDARD = "gnu++20";
				CODE_SIGN_STYLE = Automatic;
				CURRENT_PROJECT_VERSION = 1;
				GENERATE_INFOPLIST_FILE = YES;
				IPHONEOS_DEPLOYMENT_TARGET = 16.2;
				MACOSX_DEPLOYMENT_TARGET = 13.1;
				MARKETING_VERSION = 1.0;
				PRODUCT_BUNDLE_IDENTIFIER = net.riji.ExtensionStringTests;
				PRODUCT_NAME = "$(TARGET_NAME)";
				SDKROOT = auto;
				SUPPORTED_PLATFORMS = "iphoneos iphonesimulator macosx";
				SWIFT_EMIT_LOC_STRINGS = NO;
				SWIFT_VERSION = 5.0;
				TARGETED_DEVICE_FAMILY = "1,2";
				TEST_HOST = "$(BUILT_PRODUCTS_DIR)/Calculator.app/$(BUNDLE_EXECUTABLE_FOLDER_PATH)/Calculator";
			};
			name = Debug;
		};
		FB99DF5E298556A3008F4C96 /* Release */ = {
			isa = XCBuildConfiguration;
			buildSettings = {
				BUNDLE_LOADER = "$(TEST_HOST)";
				CLANG_CXX_LANGUAGE_STANDARD = "gnu++20";
				CODE_SIGN_STYLE = Automatic;
				CURRENT_PROJECT_VERSION = 1;
				GENERATE_INFOPLIST_FILE = YES;
				IPHONEOS_DEPLOYMENT_TARGET = 16.2;
				MACOSX_DEPLOYMENT_TARGET = 13.1;
				MARKETING_VERSION = 1.0;
				PRODUCT_BUNDLE_IDENTIFIER = net.riji.ExtensionStringTests;
				PRODUCT_NAME = "$(TARGET_NAME)";
				SDKROOT = auto;
				SUPPORTED_PLATFORMS = "iphoneos iphonesimulator macosx";
				SWIFT_EMIT_LOC_STRINGS = NO;
				SWIFT_VERSION = 5.0;
				TARGETED_DEVICE_FAMILY = "1,2";
				TEST_HOST = "$(BUILT_PRODUCTS_DIR)/Calculator.app/$(BUNDLE_EXECUTABLE_FOLDER_PATH)/Calculator";
			};
			name = Release;
		};
		FBAF8F8C2983DABC00FD26EA /* Debug */ = {
			isa = XCBuildConfiguration;
			buildSettings = {
				BUNDLE_LOADER = "$(TEST_HOST)";
				CLANG_CXX_LANGUAGE_STANDARD = "gnu++20";
				CODE_SIGN_STYLE = Automatic;
				CURRENT_PROJECT_VERSION = 1;
				GENERATE_INFOPLIST_FILE = YES;
				IPHONEOS_DEPLOYMENT_TARGET = 16.2;
				MACOSX_DEPLOYMENT_TARGET = 13.1;
				MARKETING_VERSION = 1.0;
				PRODUCT_BUNDLE_IDENTIFIER = net.riji.FormulaTests;
				PRODUCT_NAME = "$(TARGET_NAME)";
				SDKROOT = auto;
				SUPPORTED_PLATFORMS = "iphoneos iphonesimulator macosx";
				SWIFT_EMIT_LOC_STRINGS = NO;
				SWIFT_VERSION = 5.0;
				TARGETED_DEVICE_FAMILY = "1,2";
				TEST_HOST = "$(BUILT_PRODUCTS_DIR)/Calculator.app/$(BUNDLE_EXECUTABLE_FOLDER_PATH)/Calculator";
			};
			name = Debug;
		};
		FBAF8F8D2983DABC00FD26EA /* Release */ = {
			isa = XCBuildConfiguration;
			buildSettings = {
				BUNDLE_LOADER = "$(TEST_HOST)";
				CLANG_CXX_LANGUAGE_STANDARD = "gnu++20";
				CODE_SIGN_STYLE = Automatic;
				CURRENT_PROJECT_VERSION = 1;
				GENERATE_INFOPLIST_FILE = YES;
				IPHONEOS_DEPLOYMENT_TARGET = 16.2;
				MACOSX_DEPLOYMENT_TARGET = 13.1;
				MARKETING_VERSION = 1.0;
				PRODUCT_BUNDLE_IDENTIFIER = net.riji.FormulaTests;
				PRODUCT_NAME = "$(TARGET_NAME)";
				SDKROOT = auto;
				SUPPORTED_PLATFORMS = "iphoneos iphonesimulator macosx";
				SWIFT_EMIT_LOC_STRINGS = NO;
				SWIFT_VERSION = 5.0;
				TARGETED_DEVICE_FAMILY = "1,2";
				TEST_HOST = "$(BUILT_PRODUCTS_DIR)/Calculator.app/$(BUNDLE_EXECUTABLE_FOLDER_PATH)/Calculator";
			};
			name = Release;
		};
/* End XCBuildConfiguration section */

/* Begin XCConfigurationList section */
		C713D9392570E5EB001C3AFC /* Build configuration list for PBXProject "Calculator" */ = {
			isa = XCConfigurationList;
			buildConfigurations = (
				C713D9502570E5ED001C3AFC /* Debug */,
				C713D9512570E5ED001C3AFC /* Release */,
			);
			defaultConfigurationIsVisible = 0;
			defaultConfigurationName = Release;
		};
		C713D9522570E5ED001C3AFC /* Build configuration list for PBXNativeTarget "Calculator" */ = {
			isa = XCConfigurationList;
			buildConfigurations = (
				C713D9532570E5ED001C3AFC /* Debug */,
				C713D9542570E5ED001C3AFC /* Release */,
			);
			defaultConfigurationIsVisible = 0;
			defaultConfigurationName = Release;
		};
		FB57DBA02980DBCF00BEEE09 /* Build configuration list for PBXNativeTarget "CalculatorItemQueueTests" */ = {
			isa = XCConfigurationList;
			buildConfigurations = (
				FB57DBA12980DBCF00BEEE09 /* Debug */,
				FB57DBA22980DBCF00BEEE09 /* Release */,
			);
			defaultConfigurationIsVisible = 0;
			defaultConfigurationName = Release;
		};
		FB57DBCA298361CD00BEEE09 /* Build configuration list for PBXNativeTarget "OperatorTests" */ = {
			isa = XCConfigurationList;
			buildConfigurations = (
				FB57DBCB298361CD00BEEE09 /* Debug */,
				FB57DBCC298361CD00BEEE09 /* Release */,
			);
			defaultConfigurationIsVisible = 0;
			defaultConfigurationName = Release;
		};
		FB99DF3129841867008F4C96 /* Build configuration list for PBXNativeTarget "ExpressionParserTests" */ = {
			isa = XCConfigurationList;
			buildConfigurations = (
				FB99DF3229841867008F4C96 /* Debug */,
				FB99DF3329841867008F4C96 /* Release */,
			);
			defaultConfigurationIsVisible = 0;
			defaultConfigurationName = Release;
		};
		FB99DF5F298556A3008F4C96 /* Build configuration list for PBXNativeTarget "ExtensionStringTests" */ = {
			isa = XCConfigurationList;
			buildConfigurations = (
				FB99DF5D298556A3008F4C96 /* Debug */,
				FB99DF5E298556A3008F4C96 /* Release */,
			);
			defaultConfigurationIsVisible = 0;
			defaultConfigurationName = Release;
		};
		FBAF8F8E2983DABC00FD26EA /* Build configuration list for PBXNativeTarget "FormulaTests" */ = {
			isa = XCConfigurationList;
			buildConfigurations = (
				FBAF8F8C2983DABC00FD26EA /* Debug */,
				FBAF8F8D2983DABC00FD26EA /* Release */,
			);
			defaultConfigurationIsVisible = 0;
			defaultConfigurationName = Release;
		};
/* End XCConfigurationList section */
	};
	rootObject = C713D9362570E5EB001C3AFC /* Project object */;
}
