// !$*UTF8*$!
{
	archiveVersion = 1;
	classes = {
	};
	objectVersion = 50;
	objects = {

/* Begin PBXBuildFile section */
		AA067B4D2987757400573D10 /* Formula.swift in Sources */ = {isa = PBXBuildFile; fileRef = AA067B4C2987757400573D10 /* Formula.swift */; };
		AA067B4F298775A300573D10 /* ExpressionParser.swift in Sources */ = {isa = PBXBuildFile; fileRef = AA067B4E298775A300573D10 /* ExpressionParser.swift */; };
		AA067B51298775B900573D10 /* Operator.swift in Sources */ = {isa = PBXBuildFile; fileRef = AA067B50298775B900573D10 /* Operator.swift */; };
		AA067B53298775C800573D10 /* OperatorError.swift in Sources */ = {isa = PBXBuildFile; fileRef = AA067B52298775C800573D10 /* OperatorError.swift */; };
		AA067B55298775D900573D10 /* ExtensionString.swift in Sources */ = {isa = PBXBuildFile; fileRef = AA067B54298775D900573D10 /* ExtensionString.swift */; };
		AA067B562987772E00573D10 /* LaunchScreen.storyboard in Resources */ = {isa = PBXBuildFile; fileRef = C713D94C2570E5ED001C3AFC /* LaunchScreen.storyboard */; };
		AA067B5E29877A0D00573D10 /* OperatorTests.swift in Sources */ = {isa = PBXBuildFile; fileRef = AA067B5D29877A0D00573D10 /* OperatorTests.swift */; };
		AA067B6B29877C5200573D10 /* ExpressionParserTests.swift in Sources */ = {isa = PBXBuildFile; fileRef = AA067B6A29877C5200573D10 /* ExpressionParserTests.swift */; };
		AA067B7829877C9400573D10 /* FormulaTests.swift in Sources */ = {isa = PBXBuildFile; fileRef = AA067B7729877C9400573D10 /* FormulaTests.swift */; };
		AA067B8529877FAD00573D10 /* ExtentionStringTests.swift in Sources */ = {isa = PBXBuildFile; fileRef = AA067B8429877FAD00573D10 /* ExtentionStringTests.swift */; };
		AA067B8C2987876E00573D10 /* ExtensionDouble.swift in Sources */ = {isa = PBXBuildFile; fileRef = AA067B8B2987876E00573D10 /* ExtensionDouble.swift */; };
		AA90A8AE2980454C00BC1820 /* Node.swift in Sources */ = {isa = PBXBuildFile; fileRef = AA90A8AD2980454C00BC1820 /* Node.swift */; };
		AA90A8B02980455600BC1820 /* LinkedList.swift in Sources */ = {isa = PBXBuildFile; fileRef = AA90A8AF2980455600BC1820 /* LinkedList.swift */; };
		AA90A8BA298045C900BC1820 /* LinkedListTests.swift in Sources */ = {isa = PBXBuildFile; fileRef = AA90A8B9298045C900BC1820 /* LinkedListTests.swift */; };
		AA90A8CE2980CB2800BC1820 /* CalculatorItemQueue.swift in Sources */ = {isa = PBXBuildFile; fileRef = AA90A8CD2980CB2800BC1820 /* CalculatorItemQueue.swift */; };
		AA90A8D02980D40C00BC1820 /* CalculateItem.swift in Sources */ = {isa = PBXBuildFile; fileRef = AA90A8CF2980D40C00BC1820 /* CalculateItem.swift */; };
		AA9664B72982CA5E00C6372C /* CalculatorItemQueueTests.swift in Sources */ = {isa = PBXBuildFile; fileRef = AA90A8D72980D9BA00BC1820 /* CalculatorItemQueueTests.swift */; };
		AA9664B82982CA6400C6372C /* NodeTests.swift in Sources */ = {isa = PBXBuildFile; fileRef = AA90A8C6298047D500BC1820 /* NodeTests.swift */; };
		AA9664BA2982CB2D00C6372C /* ExtentionForTest.swift in Sources */ = {isa = PBXBuildFile; fileRef = AA9664B92982CB2D00C6372C /* ExtentionForTest.swift */; };
		AA9664BB2982CB2D00C6372C /* ExtentionForTest.swift in Sources */ = {isa = PBXBuildFile; fileRef = AA9664B92982CB2D00C6372C /* ExtentionForTest.swift */; };
		AA9664BC2982CB2D00C6372C /* ExtentionForTest.swift in Sources */ = {isa = PBXBuildFile; fileRef = AA9664B92982CB2D00C6372C /* ExtentionForTest.swift */; };
		C713D9422570E5EB001C3AFC /* AppDelegate.swift in Sources */ = {isa = PBXBuildFile; fileRef = C713D9412570E5EB001C3AFC /* AppDelegate.swift */; };
		C713D9442570E5EB001C3AFC /* SceneDelegate.swift in Sources */ = {isa = PBXBuildFile; fileRef = C713D9432570E5EB001C3AFC /* SceneDelegate.swift */; };
		C713D9462570E5EB001C3AFC /* CalculatorViewController.swift in Sources */ = {isa = PBXBuildFile; fileRef = C713D9452570E5EB001C3AFC /* CalculatorViewController.swift */; };
		C713D9492570E5EB001C3AFC /* Main.storyboard in Resources */ = {isa = PBXBuildFile; fileRef = C713D9472570E5EB001C3AFC /* Main.storyboard */; };
		C713D94B2570E5ED001C3AFC /* Assets.xcassets in Resources */ = {isa = PBXBuildFile; fileRef = C713D94A2570E5ED001C3AFC /* Assets.xcassets */; };
/* End PBXBuildFile section */

/* Begin PBXContainerItemProxy section */
		AA067B5F29877A0D00573D10 /* PBXContainerItemProxy */ = {
			isa = PBXContainerItemProxy;
			containerPortal = C713D9362570E5EB001C3AFC /* Project object */;
			proxyType = 1;
			remoteGlobalIDString = C713D93D2570E5EB001C3AFC;
			remoteInfo = Calculator;
		};
		AA067B6C29877C5200573D10 /* PBXContainerItemProxy */ = {
			isa = PBXContainerItemProxy;
			containerPortal = C713D9362570E5EB001C3AFC /* Project object */;
			proxyType = 1;
			remoteGlobalIDString = C713D93D2570E5EB001C3AFC;
			remoteInfo = Calculator;
		};
		AA067B7929877C9400573D10 /* PBXContainerItemProxy */ = {
			isa = PBXContainerItemProxy;
			containerPortal = C713D9362570E5EB001C3AFC /* Project object */;
			proxyType = 1;
			remoteGlobalIDString = C713D93D2570E5EB001C3AFC;
			remoteInfo = Calculator;
		};
		AA067B8629877FAD00573D10 /* PBXContainerItemProxy */ = {
			isa = PBXContainerItemProxy;
			containerPortal = C713D9362570E5EB001C3AFC /* Project object */;
			proxyType = 1;
			remoteGlobalIDString = C713D93D2570E5EB001C3AFC;
			remoteInfo = Calculator;
		};
		AA90A8BB298045C900BC1820 /* PBXContainerItemProxy */ = {
			isa = PBXContainerItemProxy;
			containerPortal = C713D9362570E5EB001C3AFC /* Project object */;
			proxyType = 1;
			remoteGlobalIDString = C713D93D2570E5EB001C3AFC;
			remoteInfo = Calculator;
		};
		AA90A8C8298047D500BC1820 /* PBXContainerItemProxy */ = {
			isa = PBXContainerItemProxy;
			containerPortal = C713D9362570E5EB001C3AFC /* Project object */;
			proxyType = 1;
			remoteGlobalIDString = C713D93D2570E5EB001C3AFC;
			remoteInfo = Calculator;
		};
		AA90A8D92980D9BA00BC1820 /* PBXContainerItemProxy */ = {
			isa = PBXContainerItemProxy;
			containerPortal = C713D9362570E5EB001C3AFC /* Project object */;
			proxyType = 1;
			remoteGlobalIDString = C713D93D2570E5EB001C3AFC;
			remoteInfo = Calculator;
		};
/* End PBXContainerItemProxy section */

/* Begin PBXFileReference section */
		AA067B4C2987757400573D10 /* Formula.swift */ = {isa = PBXFileReference; lastKnownFileType = sourcecode.swift; path = Formula.swift; sourceTree = "<group>"; };
		AA067B4E298775A300573D10 /* ExpressionParser.swift */ = {isa = PBXFileReference; lastKnownFileType = sourcecode.swift; path = ExpressionParser.swift; sourceTree = "<group>"; };
		AA067B50298775B900573D10 /* Operator.swift */ = {isa = PBXFileReference; lastKnownFileType = sourcecode.swift; path = Operator.swift; sourceTree = "<group>"; };
		AA067B52298775C800573D10 /* OperatorError.swift */ = {isa = PBXFileReference; lastKnownFileType = sourcecode.swift; path = OperatorError.swift; sourceTree = "<group>"; };
		AA067B54298775D900573D10 /* ExtensionString.swift */ = {isa = PBXFileReference; lastKnownFileType = sourcecode.swift; path = ExtensionString.swift; sourceTree = "<group>"; };
		AA067B5B29877A0D00573D10 /* OperatorTests.xctest */ = {isa = PBXFileReference; explicitFileType = wrapper.cfbundle; includeInIndex = 0; path = OperatorTests.xctest; sourceTree = BUILT_PRODUCTS_DIR; };
		AA067B5D29877A0D00573D10 /* OperatorTests.swift */ = {isa = PBXFileReference; lastKnownFileType = sourcecode.swift; path = OperatorTests.swift; sourceTree = "<group>"; };
		AA067B6829877C5200573D10 /* ExpressionParserTests.xctest */ = {isa = PBXFileReference; explicitFileType = wrapper.cfbundle; includeInIndex = 0; path = ExpressionParserTests.xctest; sourceTree = BUILT_PRODUCTS_DIR; };
		AA067B6A29877C5200573D10 /* ExpressionParserTests.swift */ = {isa = PBXFileReference; lastKnownFileType = sourcecode.swift; path = ExpressionParserTests.swift; sourceTree = "<group>"; };
		AA067B7529877C9400573D10 /* FormulaTests.xctest */ = {isa = PBXFileReference; explicitFileType = wrapper.cfbundle; includeInIndex = 0; path = FormulaTests.xctest; sourceTree = BUILT_PRODUCTS_DIR; };
		AA067B7729877C9400573D10 /* FormulaTests.swift */ = {isa = PBXFileReference; lastKnownFileType = sourcecode.swift; path = FormulaTests.swift; sourceTree = "<group>"; };
		AA067B8229877FAD00573D10 /* ExtentionStringTests.xctest */ = {isa = PBXFileReference; explicitFileType = wrapper.cfbundle; includeInIndex = 0; path = ExtentionStringTests.xctest; sourceTree = BUILT_PRODUCTS_DIR; };
		AA067B8429877FAD00573D10 /* ExtentionStringTests.swift */ = {isa = PBXFileReference; lastKnownFileType = sourcecode.swift; path = ExtentionStringTests.swift; sourceTree = "<group>"; };
		AA067B8B2987876E00573D10 /* ExtensionDouble.swift */ = {isa = PBXFileReference; lastKnownFileType = sourcecode.swift; path = ExtensionDouble.swift; sourceTree = "<group>"; };
		AA90A8AD2980454C00BC1820 /* Node.swift */ = {isa = PBXFileReference; lastKnownFileType = sourcecode.swift; path = Node.swift; sourceTree = "<group>"; };
		AA90A8AF2980455600BC1820 /* LinkedList.swift */ = {isa = PBXFileReference; lastKnownFileType = sourcecode.swift; path = LinkedList.swift; sourceTree = "<group>"; };
		AA90A8B7298045C900BC1820 /* LinkedListTests.xctest */ = {isa = PBXFileReference; explicitFileType = wrapper.cfbundle; includeInIndex = 0; path = LinkedListTests.xctest; sourceTree = BUILT_PRODUCTS_DIR; };
		AA90A8B9298045C900BC1820 /* LinkedListTests.swift */ = {isa = PBXFileReference; lastKnownFileType = sourcecode.swift; path = LinkedListTests.swift; sourceTree = "<group>"; };
		AA90A8C4298047D500BC1820 /* NodeTests.xctest */ = {isa = PBXFileReference; explicitFileType = wrapper.cfbundle; includeInIndex = 0; path = NodeTests.xctest; sourceTree = BUILT_PRODUCTS_DIR; };
		AA90A8C6298047D500BC1820 /* NodeTests.swift */ = {isa = PBXFileReference; lastKnownFileType = sourcecode.swift; path = NodeTests.swift; sourceTree = "<group>"; };
		AA90A8CD2980CB2800BC1820 /* CalculatorItemQueue.swift */ = {isa = PBXFileReference; lastKnownFileType = sourcecode.swift; path = CalculatorItemQueue.swift; sourceTree = "<group>"; };
		AA90A8CF2980D40C00BC1820 /* CalculateItem.swift */ = {isa = PBXFileReference; lastKnownFileType = sourcecode.swift; path = CalculateItem.swift; sourceTree = "<group>"; };
		AA90A8D52980D9BA00BC1820 /* CalculatorItemQueueTests.xctest */ = {isa = PBXFileReference; explicitFileType = wrapper.cfbundle; includeInIndex = 0; path = CalculatorItemQueueTests.xctest; sourceTree = BUILT_PRODUCTS_DIR; };
		AA90A8D72980D9BA00BC1820 /* CalculatorItemQueueTests.swift */ = {isa = PBXFileReference; lastKnownFileType = sourcecode.swift; path = CalculatorItemQueueTests.swift; sourceTree = "<group>"; };
		AA9664B92982CB2D00C6372C /* ExtentionForTest.swift */ = {isa = PBXFileReference; lastKnownFileType = sourcecode.swift; path = ExtentionForTest.swift; sourceTree = "<group>"; };
		C713D93E2570E5EB001C3AFC /* Calculator.app */ = {isa = PBXFileReference; explicitFileType = wrapper.application; includeInIndex = 0; path = Calculator.app; sourceTree = BUILT_PRODUCTS_DIR; };
		C713D9412570E5EB001C3AFC /* AppDelegate.swift */ = {isa = PBXFileReference; lastKnownFileType = sourcecode.swift; path = AppDelegate.swift; sourceTree = "<group>"; };
		C713D9432570E5EB001C3AFC /* SceneDelegate.swift */ = {isa = PBXFileReference; lastKnownFileType = sourcecode.swift; path = SceneDelegate.swift; sourceTree = "<group>"; };
		C713D9452570E5EB001C3AFC /* CalculatorViewController.swift */ = {isa = PBXFileReference; lastKnownFileType = sourcecode.swift; path = CalculatorViewController.swift; sourceTree = "<group>"; };
		C713D9482570E5EB001C3AFC /* Base */ = {isa = PBXFileReference; lastKnownFileType = file.storyboard; name = Base; path = Base.lproj/Main.storyboard; sourceTree = "<group>"; };
		C713D94A2570E5ED001C3AFC /* Assets.xcassets */ = {isa = PBXFileReference; lastKnownFileType = folder.assetcatalog; path = Assets.xcassets; sourceTree = "<group>"; };
		C713D94D2570E5ED001C3AFC /* Base */ = {isa = PBXFileReference; lastKnownFileType = file.storyboard; name = Base; path = Base.lproj/LaunchScreen.storyboard; sourceTree = "<group>"; };
		C713D94F2570E5ED001C3AFC /* Info.plist */ = {isa = PBXFileReference; lastKnownFileType = text.plist.xml; path = Info.plist; sourceTree = "<group>"; };
/* End PBXFileReference section */

/* Begin PBXFrameworksBuildPhase section */
		AA067B5829877A0D00573D10 /* Frameworks */ = {
			isa = PBXFrameworksBuildPhase;
			buildActionMask = 2147483647;
			files = (
			);
			runOnlyForDeploymentPostprocessing = 0;
		};
		AA067B6529877C5200573D10 /* Frameworks */ = {
			isa = PBXFrameworksBuildPhase;
			buildActionMask = 2147483647;
			files = (
			);
			runOnlyForDeploymentPostprocessing = 0;
		};
		AA067B7229877C9400573D10 /* Frameworks */ = {
			isa = PBXFrameworksBuildPhase;
			buildActionMask = 2147483647;
			files = (
			);
			runOnlyForDeploymentPostprocessing = 0;
		};
		AA067B7F29877FAD00573D10 /* Frameworks */ = {
			isa = PBXFrameworksBuildPhase;
			buildActionMask = 2147483647;
			files = (
			);
			runOnlyForDeploymentPostprocessing = 0;
		};
		AA90A8B4298045C900BC1820 /* Frameworks */ = {
			isa = PBXFrameworksBuildPhase;
			buildActionMask = 2147483647;
			files = (
			);
			runOnlyForDeploymentPostprocessing = 0;
		};
		AA90A8C1298047D500BC1820 /* Frameworks */ = {
			isa = PBXFrameworksBuildPhase;
			buildActionMask = 2147483647;
			files = (
			);
			runOnlyForDeploymentPostprocessing = 0;
		};
		AA90A8D22980D9BA00BC1820 /* Frameworks */ = {
			isa = PBXFrameworksBuildPhase;
			buildActionMask = 2147483647;
			files = (
			);
			runOnlyForDeploymentPostprocessing = 0;
		};
		C713D93B2570E5EB001C3AFC /* Frameworks */ = {
			isa = PBXFrameworksBuildPhase;
			buildActionMask = 2147483647;
			files = (
			);
			runOnlyForDeploymentPostprocessing = 0;
		};
/* End PBXFrameworksBuildPhase section */

/* Begin PBXGroup section */
		AA90A8AC2980453600BC1820 /* Model */ = {
			isa = PBXGroup;
			children = (
				AA90A8AD2980454C00BC1820 /* Node.swift */,
				AA90A8AF2980455600BC1820 /* LinkedList.swift */,
				AA90A8CD2980CB2800BC1820 /* CalculatorItemQueue.swift */,
				AA90A8CF2980D40C00BC1820 /* CalculateItem.swift */,
				AA067B4C2987757400573D10 /* Formula.swift */,
				AA067B4E298775A300573D10 /* ExpressionParser.swift */,
				AA067B50298775B900573D10 /* Operator.swift */,
				AA067B52298775C800573D10 /* OperatorError.swift */,
				AA067B54298775D900573D10 /* ExtensionString.swift */,
				AA067B8B2987876E00573D10 /* ExtensionDouble.swift */,
			);
			path = Model;
			sourceTree = "<group>";
		};
		AA90A8DF2980F4F100BC1820 /* Controller */ = {
			isa = PBXGroup;
			children = (
				C713D9412570E5EB001C3AFC /* AppDelegate.swift */,
				C713D9432570E5EB001C3AFC /* SceneDelegate.swift */,
				C713D9452570E5EB001C3AFC /* CalculatorViewController.swift */,
			);
			path = Controller;
			sourceTree = "<group>";
		};
		AA9664B42982CA0800C6372C /* Test */ = {
			isa = PBXGroup;
			children = (
				AA9664B92982CB2D00C6372C /* ExtentionForTest.swift */,
				AA90A8C6298047D500BC1820 /* NodeTests.swift */,
				AA90A8B9298045C900BC1820 /* LinkedListTests.swift */,
				AA90A8D72980D9BA00BC1820 /* CalculatorItemQueueTests.swift */,
				AA067B7729877C9400573D10 /* FormulaTests.swift */,
				AA067B6A29877C5200573D10 /* ExpressionParserTests.swift */,
				AA067B5D29877A0D00573D10 /* OperatorTests.swift */,
				AA067B8429877FAD00573D10 /* ExtentionStringTests.swift */,
			);
			path = Test;
			sourceTree = "<group>";
		};
		C713D9352570E5EB001C3AFC = {
			isa = PBXGroup;
			children = (
				C713D9402570E5EB001C3AFC /* Calculator */,
				C713D93F2570E5EB001C3AFC /* Products */,
			);
			sourceTree = "<group>";
		};
		C713D93F2570E5EB001C3AFC /* Products */ = {
			isa = PBXGroup;
			children = (
				C713D93E2570E5EB001C3AFC /* Calculator.app */,
				AA90A8B7298045C900BC1820 /* LinkedListTests.xctest */,
				AA90A8C4298047D500BC1820 /* NodeTests.xctest */,
				AA90A8D52980D9BA00BC1820 /* CalculatorItemQueueTests.xctest */,
				AA067B5B29877A0D00573D10 /* OperatorTests.xctest */,
				AA067B6829877C5200573D10 /* ExpressionParserTests.xctest */,
				AA067B7529877C9400573D10 /* FormulaTests.xctest */,
				AA067B8229877FAD00573D10 /* ExtentionStringTests.xctest */,
			);
			name = Products;
			sourceTree = "<group>";
		};
		C713D9402570E5EB001C3AFC /* Calculator */ = {
			isa = PBXGroup;
			children = (
				AA90A8AC2980453600BC1820 /* Model */,
				AA90A8DF2980F4F100BC1820 /* Controller */,
				C713D94C2570E5ED001C3AFC /* LaunchScreen.storyboard */,
				C713D94A2570E5ED001C3AFC /* Assets.xcassets */,
				C713D9472570E5EB001C3AFC /* Main.storyboard */,
				C713D94F2570E5ED001C3AFC /* Info.plist */,
				AA9664B42982CA0800C6372C /* Test */,
			);
			path = Calculator;
			sourceTree = "<group>";
		};
/* End PBXGroup section */

/* Begin PBXNativeTarget section */
		AA067B5A29877A0D00573D10 /* OperatorTests */ = {
			isa = PBXNativeTarget;
			buildConfigurationList = AA067B6129877A0D00573D10 /* Build configuration list for PBXNativeTarget "OperatorTests" */;
			buildPhases = (
				AA067B5729877A0D00573D10 /* Sources */,
				AA067B5829877A0D00573D10 /* Frameworks */,
				AA067B5929877A0D00573D10 /* Resources */,
			);
			buildRules = (
			);
			dependencies = (
				AA067B6029877A0D00573D10 /* PBXTargetDependency */,
			);
			name = OperatorTests;
			productName = OperatorTests;
			productReference = AA067B5B29877A0D00573D10 /* OperatorTests.xctest */;
			productType = "com.apple.product-type.bundle.unit-test";
		};
		AA067B6729877C5200573D10 /* ExpressionParserTests */ = {
			isa = PBXNativeTarget;
			buildConfigurationList = AA067B6E29877C5200573D10 /* Build configuration list for PBXNativeTarget "ExpressionParserTests" */;
			buildPhases = (
				AA067B6429877C5200573D10 /* Sources */,
				AA067B6529877C5200573D10 /* Frameworks */,
				AA067B6629877C5200573D10 /* Resources */,
			);
			buildRules = (
			);
			dependencies = (
				AA067B6D29877C5200573D10 /* PBXTargetDependency */,
			);
			name = ExpressionParserTests;
			productName = ExpressionParserTests;
			productReference = AA067B6829877C5200573D10 /* ExpressionParserTests.xctest */;
			productType = "com.apple.product-type.bundle.unit-test";
		};
		AA067B7429877C9400573D10 /* FormulaTests */ = {
			isa = PBXNativeTarget;
			buildConfigurationList = AA067B7B29877C9400573D10 /* Build configuration list for PBXNativeTarget "FormulaTests" */;
			buildPhases = (
				AA067B7129877C9400573D10 /* Sources */,
				AA067B7229877C9400573D10 /* Frameworks */,
				AA067B7329877C9400573D10 /* Resources */,
			);
			buildRules = (
			);
			dependencies = (
				AA067B7A29877C9400573D10 /* PBXTargetDependency */,
			);
			name = FormulaTests;
			productName = FormulaTests;
			productReference = AA067B7529877C9400573D10 /* FormulaTests.xctest */;
			productType = "com.apple.product-type.bundle.unit-test";
		};
		AA067B8129877FAD00573D10 /* ExtentionStringTests */ = {
			isa = PBXNativeTarget;
			buildConfigurationList = AA067B8829877FAD00573D10 /* Build configuration list for PBXNativeTarget "ExtentionStringTests" */;
			buildPhases = (
				AA067B7E29877FAD00573D10 /* Sources */,
				AA067B7F29877FAD00573D10 /* Frameworks */,
				AA067B8029877FAD00573D10 /* Resources */,
			);
			buildRules = (
			);
			dependencies = (
				AA067B8729877FAD00573D10 /* PBXTargetDependency */,
			);
			name = ExtentionStringTests;
			productName = ExtentionStringAndDoubleTests;
			productReference = AA067B8229877FAD00573D10 /* ExtentionStringTests.xctest */;
			productType = "com.apple.product-type.bundle.unit-test";
		};
		AA90A8B6298045C900BC1820 /* LinkedListTests */ = {
			isa = PBXNativeTarget;
			buildConfigurationList = AA90A8BD298045C900BC1820 /* Build configuration list for PBXNativeTarget "LinkedListTests" */;
			buildPhases = (
				AA90A8B3298045C900BC1820 /* Sources */,
				AA90A8B4298045C900BC1820 /* Frameworks */,
				AA90A8B5298045C900BC1820 /* Resources */,
			);
			buildRules = (
			);
			dependencies = (
				AA90A8BC298045C900BC1820 /* PBXTargetDependency */,
			);
			name = LinkedListTests;
			productName = ListTests;
			productReference = AA90A8B7298045C900BC1820 /* LinkedListTests.xctest */;
			productType = "com.apple.product-type.bundle.unit-test";
		};
		AA90A8C3298047D500BC1820 /* NodeTests */ = {
			isa = PBXNativeTarget;
			buildConfigurationList = AA90A8CA298047D500BC1820 /* Build configuration list for PBXNativeTarget "NodeTests" */;
			buildPhases = (
				AA90A8C0298047D500BC1820 /* Sources */,
				AA90A8C1298047D500BC1820 /* Frameworks */,
				AA90A8C2298047D500BC1820 /* Resources */,
			);
			buildRules = (
			);
			dependencies = (
				AA90A8C9298047D500BC1820 /* PBXTargetDependency */,
			);
			name = NodeTests;
			productName = NodeTests;
			productReference = AA90A8C4298047D500BC1820 /* NodeTests.xctest */;
			productType = "com.apple.product-type.bundle.unit-test";
		};
		AA90A8D42980D9BA00BC1820 /* CalculatorItemQueueTests */ = {
			isa = PBXNativeTarget;
			buildConfigurationList = AA90A8DB2980D9BA00BC1820 /* Build configuration list for PBXNativeTarget "CalculatorItemQueueTests" */;
			buildPhases = (
				AA90A8D12980D9BA00BC1820 /* Sources */,
				AA90A8D22980D9BA00BC1820 /* Frameworks */,
				AA90A8D32980D9BA00BC1820 /* Resources */,
			);
			buildRules = (
			);
			dependencies = (
				AA90A8DA2980D9BA00BC1820 /* PBXTargetDependency */,
			);
			name = CalculatorItemQueueTests;
			productName = CalculatorItemQueueTests;
			productReference = AA90A8D52980D9BA00BC1820 /* CalculatorItemQueueTests.xctest */;
			productType = "com.apple.product-type.bundle.unit-test";
		};
		C713D93D2570E5EB001C3AFC /* Calculator */ = {
			isa = PBXNativeTarget;
			buildConfigurationList = C713D9522570E5ED001C3AFC /* Build configuration list for PBXNativeTarget "Calculator" */;
			buildPhases = (
				C713D93A2570E5EB001C3AFC /* Sources */,
				C713D93B2570E5EB001C3AFC /* Frameworks */,
				C713D93C2570E5EB001C3AFC /* Resources */,
			);
			buildRules = (
			);
			dependencies = (
			);
			name = Calculator;
			productName = Calculator;
			productReference = C713D93E2570E5EB001C3AFC /* Calculator.app */;
			productType = "com.apple.product-type.application";
		};
/* End PBXNativeTarget section */

/* Begin PBXProject section */
		C713D9362570E5EB001C3AFC /* Project object */ = {
			isa = PBXProject;
			attributes = {
				LastSwiftUpdateCheck = 1410;
				LastUpgradeCheck = 1210;
				TargetAttributes = {
					AA067B5A29877A0D00573D10 = {
						CreatedOnToolsVersion = 14.1;
						TestTargetID = C713D93D2570E5EB001C3AFC;
					};
					AA067B6729877C5200573D10 = {
						CreatedOnToolsVersion = 14.1;
						TestTargetID = C713D93D2570E5EB001C3AFC;
					};
					AA067B7429877C9400573D10 = {
						CreatedOnToolsVersion = 14.1;
						TestTargetID = C713D93D2570E5EB001C3AFC;
					};
					AA067B8129877FAD00573D10 = {
						CreatedOnToolsVersion = 14.1;
						TestTargetID = C713D93D2570E5EB001C3AFC;
					};
					AA90A8B6298045C900BC1820 = {
						CreatedOnToolsVersion = 14.1;
						TestTargetID = C713D93D2570E5EB001C3AFC;
					};
					AA90A8C3298047D500BC1820 = {
						CreatedOnToolsVersion = 14.1;
						TestTargetID = C713D93D2570E5EB001C3AFC;
					};
					AA90A8D42980D9BA00BC1820 = {
						CreatedOnToolsVersion = 14.1;
						TestTargetID = C713D93D2570E5EB001C3AFC;
					};
					C713D93D2570E5EB001C3AFC = {
						CreatedOnToolsVersion = 12.1;
					};
				};
			};
			buildConfigurationList = C713D9392570E5EB001C3AFC /* Build configuration list for PBXProject "Calculator" */;
			compatibilityVersion = "Xcode 9.3";
			developmentRegion = en;
			hasScannedForEncodings = 0;
			knownRegions = (
				en,
				Base,
			);
			mainGroup = C713D9352570E5EB001C3AFC;
			productRefGroup = C713D93F2570E5EB001C3AFC /* Products */;
			projectDirPath = "";
			projectRoot = "";
			targets = (
				C713D93D2570E5EB001C3AFC /* Calculator */,
				AA90A8B6298045C900BC1820 /* LinkedListTests */,
				AA90A8C3298047D500BC1820 /* NodeTests */,
				AA90A8D42980D9BA00BC1820 /* CalculatorItemQueueTests */,
				AA067B5A29877A0D00573D10 /* OperatorTests */,
				AA067B6729877C5200573D10 /* ExpressionParserTests */,
				AA067B7429877C9400573D10 /* FormulaTests */,
				AA067B8129877FAD00573D10 /* ExtentionStringTests */,
			);
		};
/* End PBXProject section */

/* Begin PBXResourcesBuildPhase section */
		AA067B5929877A0D00573D10 /* Resources */ = {
			isa = PBXResourcesBuildPhase;
			buildActionMask = 2147483647;
			files = (
			);
			runOnlyForDeploymentPostprocessing = 0;
		};
		AA067B6629877C5200573D10 /* Resources */ = {
			isa = PBXResourcesBuildPhase;
			buildActionMask = 2147483647;
			files = (
			);
			runOnlyForDeploymentPostprocessing = 0;
		};
		AA067B7329877C9400573D10 /* Resources */ = {
			isa = PBXResourcesBuildPhase;
			buildActionMask = 2147483647;
			files = (
			);
			runOnlyForDeploymentPostprocessing = 0;
		};
		AA067B8029877FAD00573D10 /* Resources */ = {
			isa = PBXResourcesBuildPhase;
			buildActionMask = 2147483647;
			files = (
			);
			runOnlyForDeploymentPostprocessing = 0;
		};
		AA90A8B5298045C900BC1820 /* Resources */ = {
			isa = PBXResourcesBuildPhase;
			buildActionMask = 2147483647;
			files = (
			);
			runOnlyForDeploymentPostprocessing = 0;
		};
		AA90A8C2298047D500BC1820 /* Resources */ = {
			isa = PBXResourcesBuildPhase;
			buildActionMask = 2147483647;
			files = (
			);
			runOnlyForDeploymentPostprocessing = 0;
		};
		AA90A8D32980D9BA00BC1820 /* Resources */ = {
			isa = PBXResourcesBuildPhase;
			buildActionMask = 2147483647;
			files = (
			);
			runOnlyForDeploymentPostprocessing = 0;
		};
		C713D93C2570E5EB001C3AFC /* Resources */ = {
			isa = PBXResourcesBuildPhase;
			buildActionMask = 2147483647;
			files = (
				AA067B562987772E00573D10 /* LaunchScreen.storyboard in Resources */,
				C713D94B2570E5ED001C3AFC /* Assets.xcassets in Resources */,
				C713D9492570E5EB001C3AFC /* Main.storyboard in Resources */,
			);
			runOnlyForDeploymentPostprocessing = 0;
		};
/* End PBXResourcesBuildPhase section */

/* Begin PBXSourcesBuildPhase section */
		AA067B5729877A0D00573D10 /* Sources */ = {
			isa = PBXSourcesBuildPhase;
			buildActionMask = 2147483647;
			files = (
				AA067B5E29877A0D00573D10 /* OperatorTests.swift in Sources */,
			);
			runOnlyForDeploymentPostprocessing = 0;
		};
		AA067B6429877C5200573D10 /* Sources */ = {
			isa = PBXSourcesBuildPhase;
			buildActionMask = 2147483647;
			files = (
				AA067B6B29877C5200573D10 /* ExpressionParserTests.swift in Sources */,
			);
			runOnlyForDeploymentPostprocessing = 0;
		};
		AA067B7129877C9400573D10 /* Sources */ = {
			isa = PBXSourcesBuildPhase;
			buildActionMask = 2147483647;
			files = (
				AA067B7829877C9400573D10 /* FormulaTests.swift in Sources */,
			);
			runOnlyForDeploymentPostprocessing = 0;
		};
		AA067B7E29877FAD00573D10 /* Sources */ = {
			isa = PBXSourcesBuildPhase;
			buildActionMask = 2147483647;
			files = (
				AA067B8529877FAD00573D10 /* ExtentionStringTests.swift in Sources */,
			);
			runOnlyForDeploymentPostprocessing = 0;
		};
		AA90A8B3298045C900BC1820 /* Sources */ = {
			isa = PBXSourcesBuildPhase;
			buildActionMask = 2147483647;
			files = (
				AA9664BA2982CB2D00C6372C /* ExtentionForTest.swift in Sources */,
				AA90A8BA298045C900BC1820 /* LinkedListTests.swift in Sources */,
			);
			runOnlyForDeploymentPostprocessing = 0;
		};
		AA90A8C0298047D500BC1820 /* Sources */ = {
			isa = PBXSourcesBuildPhase;
			buildActionMask = 2147483647;
			files = (
				AA9664BB2982CB2D00C6372C /* ExtentionForTest.swift in Sources */,
				AA9664B82982CA6400C6372C /* NodeTests.swift in Sources */,
			);
			runOnlyForDeploymentPostprocessing = 0;
		};
		AA90A8D12980D9BA00BC1820 /* Sources */ = {
			isa = PBXSourcesBuildPhase;
			buildActionMask = 2147483647;
			files = (
				AA9664BC2982CB2D00C6372C /* ExtentionForTest.swift in Sources */,
				AA9664B72982CA5E00C6372C /* CalculatorItemQueueTests.swift in Sources */,
			);
			runOnlyForDeploymentPostprocessing = 0;
		};
		C713D93A2570E5EB001C3AFC /* Sources */ = {
			isa = PBXSourcesBuildPhase;
			buildActionMask = 2147483647;
			files = (
				AA067B8C2987876E00573D10 /* ExtensionDouble.swift in Sources */,
				AA067B53298775C800573D10 /* OperatorError.swift in Sources */,
				C713D9462570E5EB001C3AFC /* CalculatorViewController.swift in Sources */,
				AA067B4F298775A300573D10 /* ExpressionParser.swift in Sources */,
				C713D9422570E5EB001C3AFC /* AppDelegate.swift in Sources */,
				AA067B55298775D900573D10 /* ExtensionString.swift in Sources */,
				C713D9442570E5EB001C3AFC /* SceneDelegate.swift in Sources */,
				AA90A8D02980D40C00BC1820 /* CalculateItem.swift in Sources */,
				AA90A8CE2980CB2800BC1820 /* CalculatorItemQueue.swift in Sources */,
				AA90A8B02980455600BC1820 /* LinkedList.swift in Sources */,
				AA067B51298775B900573D10 /* Operator.swift in Sources */,
				AA067B4D2987757400573D10 /* Formula.swift in Sources */,
				AA90A8AE2980454C00BC1820 /* Node.swift in Sources */,
			);
			runOnlyForDeploymentPostprocessing = 0;
		};
/* End PBXSourcesBuildPhase section */

/* Begin PBXTargetDependency section */
		AA067B6029877A0D00573D10 /* PBXTargetDependency */ = {
			isa = PBXTargetDependency;
			target = C713D93D2570E5EB001C3AFC /* Calculator */;
			targetProxy = AA067B5F29877A0D00573D10 /* PBXContainerItemProxy */;
		};
		AA067B6D29877C5200573D10 /* PBXTargetDependency */ = {
			isa = PBXTargetDependency;
			target = C713D93D2570E5EB001C3AFC /* Calculator */;
			targetProxy = AA067B6C29877C5200573D10 /* PBXContainerItemProxy */;
		};
		AA067B7A29877C9400573D10 /* PBXTargetDependency */ = {
			isa = PBXTargetDependency;
			target = C713D93D2570E5EB001C3AFC /* Calculator */;
			targetProxy = AA067B7929877C9400573D10 /* PBXContainerItemProxy */;
		};
		AA067B8729877FAD00573D10 /* PBXTargetDependency */ = {
			isa = PBXTargetDependency;
			target = C713D93D2570E5EB001C3AFC /* Calculator */;
			targetProxy = AA067B8629877FAD00573D10 /* PBXContainerItemProxy */;
		};
		AA90A8BC298045C900BC1820 /* PBXTargetDependency */ = {
			isa = PBXTargetDependency;
			target = C713D93D2570E5EB001C3AFC /* Calculator */;
			targetProxy = AA90A8BB298045C900BC1820 /* PBXContainerItemProxy */;
		};
		AA90A8C9298047D500BC1820 /* PBXTargetDependency */ = {
			isa = PBXTargetDependency;
			target = C713D93D2570E5EB001C3AFC /* Calculator */;
			targetProxy = AA90A8C8298047D500BC1820 /* PBXContainerItemProxy */;
		};
		AA90A8DA2980D9BA00BC1820 /* PBXTargetDependency */ = {
			isa = PBXTargetDependency;
			target = C713D93D2570E5EB001C3AFC /* Calculator */;
			targetProxy = AA90A8D92980D9BA00BC1820 /* PBXContainerItemProxy */;
		};
/* End PBXTargetDependency section */

/* Begin PBXVariantGroup section */
		C713D9472570E5EB001C3AFC /* Main.storyboard */ = {
			isa = PBXVariantGroup;
			children = (
				C713D9482570E5EB001C3AFC /* Base */,
			);
			name = Main.storyboard;
			sourceTree = "<group>";
		};
		C713D94C2570E5ED001C3AFC /* LaunchScreen.storyboard */ = {
			isa = PBXVariantGroup;
			children = (
				C713D94D2570E5ED001C3AFC /* Base */,
			);
			name = LaunchScreen.storyboard;
			sourceTree = "<group>";
		};
/* End PBXVariantGroup section */

/* Begin XCBuildConfiguration section */
		AA067B6229877A0D00573D10 /* Debug */ = {
			isa = XCBuildConfiguration;
			buildSettings = {
				BUNDLE_LOADER = "$(TEST_HOST)";
				CLANG_CXX_LANGUAGE_STANDARD = "gnu++20";
				CODE_SIGN_STYLE = Automatic;
				CURRENT_PROJECT_VERSION = 1;
				GENERATE_INFOPLIST_FILE = YES;
				IPHONEOS_DEPLOYMENT_TARGET = 16.1;
				MACOSX_DEPLOYMENT_TARGET = 13.0;
				MARKETING_VERSION = 1.0;
				ONLY_ACTIVE_ARCH = YES;
				PRODUCT_BUNDLE_IDENTIFIER = hrcho.OperatorTests;
				PRODUCT_NAME = "$(TARGET_NAME)";
				SDKROOT = auto;
				SUPPORTED_PLATFORMS = "iphoneos iphonesimulator macosx";
				SWIFT_EMIT_LOC_STRINGS = NO;
				SWIFT_VERSION = 5.0;
				TARGETED_DEVICE_FAMILY = "1,2";
				TEST_HOST = "$(BUILT_PRODUCTS_DIR)/Calculator.app/$(BUNDLE_EXECUTABLE_FOLDER_PATH)/Calculator";
			};
			name = Debug;
		};
		AA067B6329877A0D00573D10 /* Release */ = {
			isa = XCBuildConfiguration;
			buildSettings = {
				BUNDLE_LOADER = "$(TEST_HOST)";
				CLANG_CXX_LANGUAGE_STANDARD = "gnu++20";
				CODE_SIGN_STYLE = Automatic;
				CURRENT_PROJECT_VERSION = 1;
				GENERATE_INFOPLIST_FILE = YES;
				IPHONEOS_DEPLOYMENT_TARGET = 16.1;
				MACOSX_DEPLOYMENT_TARGET = 13.0;
				MARKETING_VERSION = 1.0;
				PRODUCT_BUNDLE_IDENTIFIER = hrcho.OperatorTests;
				PRODUCT_NAME = "$(TARGET_NAME)";
				SDKROOT = auto;
				SUPPORTED_PLATFORMS = "iphoneos iphonesimulator macosx";
				SWIFT_EMIT_LOC_STRINGS = NO;
				SWIFT_VERSION = 5.0;
				TARGETED_DEVICE_FAMILY = "1,2";
				TEST_HOST = "$(BUILT_PRODUCTS_DIR)/Calculator.app/$(BUNDLE_EXECUTABLE_FOLDER_PATH)/Calculator";
			};
			name = Release;
		};
		AA067B6F29877C5200573D10 /* Debug */ = {
			isa = XCBuildConfiguration;
			buildSettings = {
				BUNDLE_LOADER = "$(TEST_HOST)";
				CLANG_CXX_LANGUAGE_STANDARD = "gnu++20";
				CODE_SIGN_STYLE = Automatic;
				CURRENT_PROJECT_VERSION = 1;
				GENERATE_INFOPLIST_FILE = YES;
				IPHONEOS_DEPLOYMENT_TARGET = 16.1;
				MACOSX_DEPLOYMENT_TARGET = 13.0;
				MARKETING_VERSION = 1.0;
				ONLY_ACTIVE_ARCH = YES;
				PRODUCT_BUNDLE_IDENTIFIER = hrcho.ExpressionParserTests;
				PRODUCT_NAME = "$(TARGET_NAME)";
				SDKROOT = auto;
				SUPPORTED_PLATFORMS = "iphoneos iphonesimulator macosx";
				SWIFT_EMIT_LOC_STRINGS = NO;
				SWIFT_VERSION = 5.0;
				TARGETED_DEVICE_FAMILY = "1,2";
				TEST_HOST = "$(BUILT_PRODUCTS_DIR)/Calculator.app/$(BUNDLE_EXECUTABLE_FOLDER_PATH)/Calculator";
			};
			name = Debug;
		};
		AA067B7029877C5200573D10 /* Release */ = {
			isa = XCBuildConfiguration;
			buildSettings = {
				BUNDLE_LOADER = "$(TEST_HOST)";
				CLANG_CXX_LANGUAGE_STANDARD = "gnu++20";
				CODE_SIGN_STYLE = Automatic;
				CURRENT_PROJECT_VERSION = 1;
				GENERATE_INFOPLIST_FILE = YES;
				IPHONEOS_DEPLOYMENT_TARGET = 16.1;
				MACOSX_DEPLOYMENT_TARGET = 13.0;
				MARKETING_VERSION = 1.0;
				PRODUCT_BUNDLE_IDENTIFIER = hrcho.ExpressionParserTests;
				PRODUCT_NAME = "$(TARGET_NAME)";
				SDKROOT = auto;
				SUPPORTED_PLATFORMS = "iphoneos iphonesimulator macosx";
				SWIFT_EMIT_LOC_STRINGS = NO;
				SWIFT_VERSION = 5.0;
				TARGETED_DEVICE_FAMILY = "1,2";
				TEST_HOST = "$(BUILT_PRODUCTS_DIR)/Calculator.app/$(BUNDLE_EXECUTABLE_FOLDER_PATH)/Calculator";
			};
			name = Release;
		};
		AA067B7C29877C9400573D10 /* Debug */ = {
			isa = XCBuildConfiguration;
			buildSettings = {
				BUNDLE_LOADER = "$(TEST_HOST)";
				CLANG_CXX_LANGUAGE_STANDARD = "gnu++20";
				CODE_SIGN_STYLE = Automatic;
				CURRENT_PROJECT_VERSION = 1;
				GENERATE_INFOPLIST_FILE = YES;
				IPHONEOS_DEPLOYMENT_TARGET = 16.1;
				MACOSX_DEPLOYMENT_TARGET = 13.0;
				MARKETING_VERSION = 1.0;
				ONLY_ACTIVE_ARCH = YES;
				PRODUCT_BUNDLE_IDENTIFIER = hrcho.FormulaTests;
				PRODUCT_NAME = "$(TARGET_NAME)";
				SDKROOT = auto;
				SUPPORTED_PLATFORMS = "iphoneos iphonesimulator macosx";
				SWIFT_EMIT_LOC_STRINGS = NO;
				SWIFT_VERSION = 5.0;
				TARGETED_DEVICE_FAMILY = "1,2";
				TEST_HOST = "$(BUILT_PRODUCTS_DIR)/Calculator.app/$(BUNDLE_EXECUTABLE_FOLDER_PATH)/Calculator";
			};
			name = Debug;
		};
		AA067B7D29877C9400573D10 /* Release */ = {
			isa = XCBuildConfiguration;
			buildSettings = {
				BUNDLE_LOADER = "$(TEST_HOST)";
				CLANG_CXX_LANGUAGE_STANDARD = "gnu++20";
				CODE_SIGN_STYLE = Automatic;
				CURRENT_PROJECT_VERSION = 1;
				GENERATE_INFOPLIST_FILE = YES;
				IPHONEOS_DEPLOYMENT_TARGET = 16.1;
				MACOSX_DEPLOYMENT_TARGET = 13.0;
				MARKETING_VERSION = 1.0;
				PRODUCT_BUNDLE_IDENTIFIER = hrcho.FormulaTests;
				PRODUCT_NAME = "$(TARGET_NAME)";
				SDKROOT = auto;
				SUPPORTED_PLATFORMS = "iphoneos iphonesimulator macosx";
				SWIFT_EMIT_LOC_STRINGS = NO;
				SWIFT_VERSION = 5.0;
				TARGETED_DEVICE_FAMILY = "1,2";
				TEST_HOST = "$(BUILT_PRODUCTS_DIR)/Calculator.app/$(BUNDLE_EXECUTABLE_FOLDER_PATH)/Calculator";
			};
			name = Release;
		};
		AA067B8929877FAD00573D10 /* Debug */ = {
			isa = XCBuildConfiguration;
			buildSettings = {
				BUNDLE_LOADER = "$(TEST_HOST)";
				CLANG_CXX_LANGUAGE_STANDARD = "gnu++20";
				CODE_SIGN_STYLE = Automatic;
				CURRENT_PROJECT_VERSION = 1;
				GENERATE_INFOPLIST_FILE = YES;
				IPHONEOS_DEPLOYMENT_TARGET = 16.1;
				MACOSX_DEPLOYMENT_TARGET = 13.0;
				MARKETING_VERSION = 1.0;
				ONLY_ACTIVE_ARCH = YES;
				PRODUCT_BUNDLE_IDENTIFIER = hrcho.ExtentionStringAndDoubleTests;
				PRODUCT_NAME = "$(TARGET_NAME)";
				SDKROOT = auto;
				SUPPORTED_PLATFORMS = "iphoneos iphonesimulator macosx";
				SWIFT_EMIT_LOC_STRINGS = NO;
				SWIFT_VERSION = 5.0;
				TARGETED_DEVICE_FAMILY = "1,2";
				TEST_HOST = "$(BUILT_PRODUCTS_DIR)/Calculator.app/$(BUNDLE_EXECUTABLE_FOLDER_PATH)/Calculator";
			};
			name = Debug;
		};
		AA067B8A29877FAD00573D10 /* Release */ = {
			isa = XCBuildConfiguration;
			buildSettings = {
				BUNDLE_LOADER = "$(TEST_HOST)";
				CLANG_CXX_LANGUAGE_STANDARD = "gnu++20";
				CODE_SIGN_STYLE = Automatic;
				CURRENT_PROJECT_VERSION = 1;
				GENERATE_INFOPLIST_FILE = YES;
				IPHONEOS_DEPLOYMENT_TARGET = 16.1;
				MACOSX_DEPLOYMENT_TARGET = 13.0;
				MARKETING_VERSION = 1.0;
				PRODUCT_BUNDLE_IDENTIFIER = hrcho.ExtentionStringAndDoubleTests;
				PRODUCT_NAME = "$(TARGET_NAME)";
				SDKROOT = auto;
				SUPPORTED_PLATFORMS = "iphoneos iphonesimulator macosx";
				SWIFT_EMIT_LOC_STRINGS = NO;
				SWIFT_VERSION = 5.0;
				TARGETED_DEVICE_FAMILY = "1,2";
				TEST_HOST = "$(BUILT_PRODUCTS_DIR)/Calculator.app/$(BUNDLE_EXECUTABLE_FOLDER_PATH)/Calculator";
			};
			name = Release;
		};
		AA90A8BE298045C900BC1820 /* Debug */ = {
			isa = XCBuildConfiguration;
			buildSettings = {
				BUNDLE_LOADER = "$(TEST_HOST)";
				CLANG_CXX_LANGUAGE_STANDARD = "gnu++20";
				CODE_SIGN_STYLE = Automatic;
				CURRENT_PROJECT_VERSION = 1;
				GENERATE_INFOPLIST_FILE = YES;
				IPHONEOS_DEPLOYMENT_TARGET = 16.1;
				MACOSX_DEPLOYMENT_TARGET = 13.0;
				MARKETING_VERSION = 1.0;
				ONLY_ACTIVE_ARCH = YES;
				PRODUCT_BUNDLE_IDENTIFIER = hrcho.LinkedListTests;
				PRODUCT_NAME = "$(TARGET_NAME)";
				SDKROOT = auto;
				SUPPORTED_PLATFORMS = "iphoneos iphonesimulator macosx";
				SWIFT_EMIT_LOC_STRINGS = NO;
				SWIFT_VERSION = 5.0;
				TARGETED_DEVICE_FAMILY = "1,2";
				TEST_HOST = "$(BUILT_PRODUCTS_DIR)/Calculator.app/$(BUNDLE_EXECUTABLE_FOLDER_PATH)/Calculator";
			};
			name = Debug;
		};
		AA90A8BF298045C900BC1820 /* Release */ = {
			isa = XCBuildConfiguration;
			buildSettings = {
				BUNDLE_LOADER = "$(TEST_HOST)";
				CLANG_CXX_LANGUAGE_STANDARD = "gnu++20";
				CODE_SIGN_STYLE = Automatic;
				CURRENT_PROJECT_VERSION = 1;
				GENERATE_INFOPLIST_FILE = YES;
				IPHONEOS_DEPLOYMENT_TARGET = 16.1;
				MACOSX_DEPLOYMENT_TARGET = 13.0;
				MARKETING_VERSION = 1.0;
				PRODUCT_BUNDLE_IDENTIFIER = hrcho.LinkedListTests;
				PRODUCT_NAME = "$(TARGET_NAME)";
				SDKROOT = auto;
				SUPPORTED_PLATFORMS = "iphoneos iphonesimulator macosx";
				SWIFT_EMIT_LOC_STRINGS = NO;
				SWIFT_VERSION = 5.0;
				TARGETED_DEVICE_FAMILY = "1,2";
				TEST_HOST = "$(BUILT_PRODUCTS_DIR)/Calculator.app/$(BUNDLE_EXECUTABLE_FOLDER_PATH)/Calculator";
			};
			name = Release;
		};
		AA90A8CB298047D500BC1820 /* Debug */ = {
			isa = XCBuildConfiguration;
			buildSettings = {
				BUNDLE_LOADER = "$(TEST_HOST)";
				CLANG_CXX_LANGUAGE_STANDARD = "gnu++20";
				CODE_SIGN_STYLE = Automatic;
				CURRENT_PROJECT_VERSION = 1;
				GENERATE_INFOPLIST_FILE = YES;
				IPHONEOS_DEPLOYMENT_TARGET = 16.1;
				MACOSX_DEPLOYMENT_TARGET = 13.0;
				MARKETING_VERSION = 1.0;
				ONLY_ACTIVE_ARCH = YES;
				PRODUCT_BUNDLE_IDENTIFIER = hrcho.NodeTests;
				PRODUCT_NAME = "$(TARGET_NAME)";
				SDKROOT = auto;
				SUPPORTED_PLATFORMS = "iphoneos iphonesimulator macosx";
				SWIFT_EMIT_LOC_STRINGS = NO;
				SWIFT_VERSION = 5.0;
				TARGETED_DEVICE_FAMILY = "1,2";
				TEST_HOST = "$(BUILT_PRODUCTS_DIR)/Calculator.app/$(BUNDLE_EXECUTABLE_FOLDER_PATH)/Calculator";
			};
			name = Debug;
		};
		AA90A8CC298047D500BC1820 /* Release */ = {
			isa = XCBuildConfiguration;
			buildSettings = {
				BUNDLE_LOADER = "$(TEST_HOST)";
				CLANG_CXX_LANGUAGE_STANDARD = "gnu++20";
				CODE_SIGN_STYLE = Automatic;
				CURRENT_PROJECT_VERSION = 1;
				GENERATE_INFOPLIST_FILE = YES;
				IPHONEOS_DEPLOYMENT_TARGET = 16.1;
				MACOSX_DEPLOYMENT_TARGET = 13.0;
				MARKETING_VERSION = 1.0;
				PRODUCT_BUNDLE_IDENTIFIER = hrcho.NodeTests;
				PRODUCT_NAME = "$(TARGET_NAME)";
				SDKROOT = auto;
				SUPPORTED_PLATFORMS = "iphoneos iphonesimulator macosx";
				SWIFT_EMIT_LOC_STRINGS = NO;
				SWIFT_VERSION = 5.0;
				TARGETED_DEVICE_FAMILY = "1,2";
				TEST_HOST = "$(BUILT_PRODUCTS_DIR)/Calculator.app/$(BUNDLE_EXECUTABLE_FOLDER_PATH)/Calculator";
			};
			name = Release;
		};
		AA90A8DC2980D9BA00BC1820 /* Debug */ = {
			isa = XCBuildConfiguration;
			buildSettings = {
				BUNDLE_LOADER = "$(TEST_HOST)";
				CLANG_CXX_LANGUAGE_STANDARD = "gnu++20";
				CODE_SIGN_STYLE = Automatic;
				CURRENT_PROJECT_VERSION = 1;
				GENERATE_INFOPLIST_FILE = YES;
				IPHONEOS_DEPLOYMENT_TARGET = 16.1;
				MACOSX_DEPLOYMENT_TARGET = 13.0;
				MARKETING_VERSION = 1.0;
				ONLY_ACTIVE_ARCH = YES;
				PRODUCT_BUNDLE_IDENTIFIER = hrcho.CalculatorItemQueueTests;
				PRODUCT_NAME = "$(TARGET_NAME)";
				SDKROOT = auto;
				SUPPORTED_PLATFORMS = "iphoneos iphonesimulator macosx";
				SWIFT_EMIT_LOC_STRINGS = NO;
				SWIFT_VERSION = 5.0;
				TARGETED_DEVICE_FAMILY = "1,2";
				TEST_HOST = "$(BUILT_PRODUCTS_DIR)/Calculator.app/$(BUNDLE_EXECUTABLE_FOLDER_PATH)/Calculator";
			};
			name = Debug;
		};
		AA90A8DD2980D9BA00BC1820 /* Release */ = {
			isa = XCBuildConfiguration;
			buildSettings = {
				BUNDLE_LOADER = "$(TEST_HOST)";
				CLANG_CXX_LANGUAGE_STANDARD = "gnu++20";
				CODE_SIGN_STYLE = Automatic;
				CURRENT_PROJECT_VERSION = 1;
				GENERATE_INFOPLIST_FILE = YES;
				IPHONEOS_DEPLOYMENT_TARGET = 16.1;
				MACOSX_DEPLOYMENT_TARGET = 13.0;
				MARKETING_VERSION = 1.0;
				PRODUCT_BUNDLE_IDENTIFIER = hrcho.CalculatorItemQueueTests;
				PRODUCT_NAME = "$(TARGET_NAME)";
				SDKROOT = auto;
				SUPPORTED_PLATFORMS = "iphoneos iphonesimulator macosx";
				SWIFT_EMIT_LOC_STRINGS = NO;
				SWIFT_VERSION = 5.0;
				TARGETED_DEVICE_FAMILY = "1,2";
				TEST_HOST = "$(BUILT_PRODUCTS_DIR)/Calculator.app/$(BUNDLE_EXECUTABLE_FOLDER_PATH)/Calculator";
			};
			name = Release;
		};
		C713D9502570E5ED001C3AFC /* Debug */ = {
			isa = XCBuildConfiguration;
			buildSettings = {
				ALWAYS_SEARCH_USER_PATHS = NO;
				CLANG_ANALYZER_NONNULL = YES;
				CLANG_ANALYZER_NUMBER_OBJECT_CONVERSION = YES_AGGRESSIVE;
				CLANG_CXX_LANGUAGE_STANDARD = "gnu++14";
				CLANG_CXX_LIBRARY = "libc++";
				CLANG_ENABLE_MODULES = YES;
				CLANG_ENABLE_OBJC_ARC = YES;
				CLANG_ENABLE_OBJC_WEAK = YES;
				CLANG_WARN_BLOCK_CAPTURE_AUTORELEASING = YES;
				CLANG_WARN_BOOL_CONVERSION = YES;
				CLANG_WARN_COMMA = YES;
				CLANG_WARN_CONSTANT_CONVERSION = YES;
				CLANG_WARN_DEPRECATED_OBJC_IMPLEMENTATIONS = YES;
				CLANG_WARN_DIRECT_OBJC_ISA_USAGE = YES_ERROR;
				CLANG_WARN_DOCUMENTATION_COMMENTS = YES;
				CLANG_WARN_EMPTY_BODY = YES;
				CLANG_WARN_ENUM_CONVERSION = YES;
				CLANG_WARN_INFINITE_RECURSION = YES;
				CLANG_WARN_INT_CONVERSION = YES;
				CLANG_WARN_NON_LITERAL_NULL_CONVERSION = YES;
				CLANG_WARN_OBJC_IMPLICIT_RETAIN_SELF = YES;
				CLANG_WARN_OBJC_LITERAL_CONVERSION = YES;
				CLANG_WARN_OBJC_ROOT_CLASS = YES_ERROR;
				CLANG_WARN_QUOTED_INCLUDE_IN_FRAMEWORK_HEADER = YES;
				CLANG_WARN_RANGE_LOOP_ANALYSIS = YES;
				CLANG_WARN_STRICT_PROTOTYPES = YES;
				CLANG_WARN_SUSPICIOUS_MOVE = YES;
				CLANG_WARN_UNGUARDED_AVAILABILITY = YES_AGGRESSIVE;
				CLANG_WARN_UNREACHABLE_CODE = YES;
				CLANG_WARN__DUPLICATE_METHOD_MATCH = YES;
				COPY_PHASE_STRIP = NO;
				DEBUG_INFORMATION_FORMAT = dwarf;
				ENABLE_STRICT_OBJC_MSGSEND = YES;
				ENABLE_TESTABILITY = YES;
				GCC_C_LANGUAGE_STANDARD = gnu11;
				GCC_DYNAMIC_NO_PIC = NO;
				GCC_NO_COMMON_BLOCKS = YES;
				GCC_OPTIMIZATION_LEVEL = 0;
				GCC_PREPROCESSOR_DEFINITIONS = (
					"DEBUG=1",
					"$(inherited)",
				);
				GCC_WARN_64_TO_32_BIT_CONVERSION = YES;
				GCC_WARN_ABOUT_RETURN_TYPE = YES_ERROR;
				GCC_WARN_UNDECLARED_SELECTOR = YES;
				GCC_WARN_UNINITIALIZED_AUTOS = YES_AGGRESSIVE;
				GCC_WARN_UNUSED_FUNCTION = YES;
				GCC_WARN_UNUSED_VARIABLE = YES;
				IPHONEOS_DEPLOYMENT_TARGET = 14.1;
				MTL_ENABLE_DEBUG_INFO = INCLUDE_SOURCE;
				MTL_FAST_MATH = YES;
				ONLY_ACTIVE_ARCH = NO;
				SDKROOT = iphoneos;
				SUPPORTED_PLATFORMS = "iphonesimulator iphoneos macosx";
				SWIFT_ACTIVE_COMPILATION_CONDITIONS = DEBUG;
				SWIFT_OPTIMIZATION_LEVEL = "-Onone";
			};
			name = Debug;
		};
		C713D9512570E5ED001C3AFC /* Release */ = {
			isa = XCBuildConfiguration;
			buildSettings = {
				ALWAYS_SEARCH_USER_PATHS = NO;
				CLANG_ANALYZER_NONNULL = YES;
				CLANG_ANALYZER_NUMBER_OBJECT_CONVERSION = YES_AGGRESSIVE;
				CLANG_CXX_LANGUAGE_STANDARD = "gnu++14";
				CLANG_CXX_LIBRARY = "libc++";
				CLANG_ENABLE_MODULES = YES;
				CLANG_ENABLE_OBJC_ARC = YES;
				CLANG_ENABLE_OBJC_WEAK = YES;
				CLANG_WARN_BLOCK_CAPTURE_AUTORELEASING = YES;
				CLANG_WARN_BOOL_CONVERSION = YES;
				CLANG_WARN_COMMA = YES;
				CLANG_WARN_CONSTANT_CONVERSION = YES;
				CLANG_WARN_DEPRECATED_OBJC_IMPLEMENTATIONS = YES;
				CLANG_WARN_DIRECT_OBJC_ISA_USAGE = YES_ERROR;
				CLANG_WARN_DOCUMENTATION_COMMENTS = YES;
				CLANG_WARN_EMPTY_BODY = YES;
				CLANG_WARN_ENUM_CONVERSION = YES;
				CLANG_WARN_INFINITE_RECURSION = YES;
				CLANG_WARN_INT_CONVERSION = YES;
				CLANG_WARN_NON_LITERAL_NULL_CONVERSION = YES;
				CLANG_WARN_OBJC_IMPLICIT_RETAIN_SELF = YES;
				CLANG_WARN_OBJC_LITERAL_CONVERSION = YES;
				CLANG_WARN_OBJC_ROOT_CLASS = YES_ERROR;
				CLANG_WARN_QUOTED_INCLUDE_IN_FRAMEWORK_HEADER = YES;
				CLANG_WARN_RANGE_LOOP_ANALYSIS = YES;
				CLANG_WARN_STRICT_PROTOTYPES = YES;
				CLANG_WARN_SUSPICIOUS_MOVE = YES;
				CLANG_WARN_UNGUARDED_AVAILABILITY = YES_AGGRESSIVE;
				CLANG_WARN_UNREACHABLE_CODE = YES;
				CLANG_WARN__DUPLICATE_METHOD_MATCH = YES;
				COPY_PHASE_STRIP = NO;
				DEBUG_INFORMATION_FORMAT = "dwarf-with-dsym";
				ENABLE_NS_ASSERTIONS = NO;
				ENABLE_STRICT_OBJC_MSGSEND = YES;
				GCC_C_LANGUAGE_STANDARD = gnu11;
				GCC_NO_COMMON_BLOCKS = YES;
				GCC_WARN_64_TO_32_BIT_CONVERSION = YES;
				GCC_WARN_ABOUT_RETURN_TYPE = YES_ERROR;
				GCC_WARN_UNDECLARED_SELECTOR = YES;
				GCC_WARN_UNINITIALIZED_AUTOS = YES_AGGRESSIVE;
				GCC_WARN_UNUSED_FUNCTION = YES;
				GCC_WARN_UNUSED_VARIABLE = YES;
				IPHONEOS_DEPLOYMENT_TARGET = 14.1;
				MTL_ENABLE_DEBUG_INFO = NO;
				MTL_FAST_MATH = YES;
				ONLY_ACTIVE_ARCH = YES;
				SDKROOT = iphoneos;
				SUPPORTED_PLATFORMS = "iphonesimulator iphoneos";
				SWIFT_COMPILATION_MODE = wholemodule;
				SWIFT_OPTIMIZATION_LEVEL = "-O";
				VALIDATE_PRODUCT = YES;
			};
			name = Release;
		};
		C713D9532570E5ED001C3AFC /* Debug */ = {
			isa = XCBuildConfiguration;
			buildSettings = {
				ASSETCATALOG_COMPILER_APPICON_NAME = AppIcon;
				ASSETCATALOG_COMPILER_GLOBAL_ACCENT_COLOR_NAME = AccentColor;
				CODE_SIGN_STYLE = Automatic;
				INFOPLIST_FILE = Calculator/Info.plist;
				LD_RUNPATH_SEARCH_PATHS = (
					"$(inherited)",
					"@executable_path/Frameworks",
				);
				ONLY_ACTIVE_ARCH = NO;
				PRODUCT_BUNDLE_IDENTIFIER = net.yagom.Calculator;
				PRODUCT_NAME = "$(TARGET_NAME)";
				SUPPORTED_PLATFORMS = "iphonesimulator iphoneos macosx";
				SWIFT_VERSION = 5.0;
				TARGETED_DEVICE_FAMILY = 1;
			};
			name = Debug;
		};
		C713D9542570E5ED001C3AFC /* Release */ = {
			isa = XCBuildConfiguration;
			buildSettings = {
				ASSETCATALOG_COMPILER_APPICON_NAME = AppIcon;
				ASSETCATALOG_COMPILER_GLOBAL_ACCENT_COLOR_NAME = AccentColor;
				CODE_SIGN_STYLE = Automatic;
				INFOPLIST_FILE = Calculator/Info.plist;
				LD_RUNPATH_SEARCH_PATHS = (
					"$(inherited)",
					"@executable_path/Frameworks",
				);
				ONLY_ACTIVE_ARCH = YES;
				PRODUCT_BUNDLE_IDENTIFIER = net.yagom.Calculator;
				PRODUCT_NAME = "$(TARGET_NAME)";
				SUPPORTED_PLATFORMS = "iphonesimulator iphoneos";
				SWIFT_VERSION = 5.0;
				TARGETED_DEVICE_FAMILY = 1;
			};
			name = Release;
		};
/* End XCBuildConfiguration section */

/* Begin XCConfigurationList section */
		AA067B6129877A0D00573D10 /* Build configuration list for PBXNativeTarget "OperatorTests" */ = {
			isa = XCConfigurationList;
			buildConfigurations = (
				AA067B6229877A0D00573D10 /* Debug */,
				AA067B6329877A0D00573D10 /* Release */,
			);
			defaultConfigurationIsVisible = 0;
			defaultConfigurationName = Release;
		};
		AA067B6E29877C5200573D10 /* Build configuration list for PBXNativeTarget "ExpressionParserTests" */ = {
			isa = XCConfigurationList;
			buildConfigurations = (
				AA067B6F29877C5200573D10 /* Debug */,
				AA067B7029877C5200573D10 /* Release */,
			);
			defaultConfigurationIsVisible = 0;
			defaultConfigurationName = Release;
		};
		AA067B7B29877C9400573D10 /* Build configuration list for PBXNativeTarget "FormulaTests" */ = {
			isa = XCConfigurationList;
			buildConfigurations = (
				AA067B7C29877C9400573D10 /* Debug */,
				AA067B7D29877C9400573D10 /* Release */,
			);
			defaultConfigurationIsVisible = 0;
			defaultConfigurationName = Release;
		};
		AA067B8829877FAD00573D10 /* Build configuration list for PBXNativeTarget "ExtentionStringTests" */ = {
			isa = XCConfigurationList;
			buildConfigurations = (
				AA067B8929877FAD00573D10 /* Debug */,
				AA067B8A29877FAD00573D10 /* Release */,
			);
			defaultConfigurationIsVisible = 0;
			defaultConfigurationName = Release;
		};
		AA90A8BD298045C900BC1820 /* Build configuration list for PBXNativeTarget "LinkedListTests" */ = {
			isa = XCConfigurationList;
			buildConfigurations = (
				AA90A8BE298045C900BC1820 /* Debug */,
				AA90A8BF298045C900BC1820 /* Release */,
			);
			defaultConfigurationIsVisible = 0;
			defaultConfigurationName = Release;
		};
		AA90A8CA298047D500BC1820 /* Build configuration list for PBXNativeTarget "NodeTests" */ = {
			isa = XCConfigurationList;
			buildConfigurations = (
				AA90A8CB298047D500BC1820 /* Debug */,
				AA90A8CC298047D500BC1820 /* Release */,
			);
			defaultConfigurationIsVisible = 0;
			defaultConfigurationName = Release;
		};
		AA90A8DB2980D9BA00BC1820 /* Build configuration list for PBXNativeTarget "CalculatorItemQueueTests" */ = {
			isa = XCConfigurationList;
			buildConfigurations = (
				AA90A8DC2980D9BA00BC1820 /* Debug */,
				AA90A8DD2980D9BA00BC1820 /* Release */,
			);
			defaultConfigurationIsVisible = 0;
			defaultConfigurationName = Release;
		};
		C713D9392570E5EB001C3AFC /* Build configuration list for PBXProject "Calculator" */ = {
			isa = XCConfigurationList;
			buildConfigurations = (
				C713D9502570E5ED001C3AFC /* Debug */,
				C713D9512570E5ED001C3AFC /* Release */,
			);
			defaultConfigurationIsVisible = 0;
			defaultConfigurationName = Release;
		};
		C713D9522570E5ED001C3AFC /* Build configuration list for PBXNativeTarget "Calculator" */ = {
			isa = XCConfigurationList;
			buildConfigurations = (
				C713D9532570E5ED001C3AFC /* Debug */,
				C713D9542570E5ED001C3AFC /* Release */,
			);
			defaultConfigurationIsVisible = 0;
			defaultConfigurationName = Release;
		};
/* End XCConfigurationList section */
	};
	rootObject = C713D9362570E5EB001C3AFC /* Project object */;
}
