// !$*UTF8*$!
{
	archiveVersion = 1;
	classes = {
	};
	objectVersion = 50;
	objects = {

/* Begin PBXBuildFile section */
		099A640028DD9BBB009FCA6B /* ExpressionParserTests.swift in Sources */ = {isa = PBXBuildFile; fileRef = 099A63FF28DD9BBB009FCA6B /* ExpressionParserTests.swift */; };
		099A642028DDDF1F009FCA6B /* FormulaTests.swift in Sources */ = {isa = PBXBuildFile; fileRef = 099A641F28DDDF1F009FCA6B /* FormulaTests.swift */; };
		09D29D8728DC832600180E5D /* Formula.swift in Sources */ = {isa = PBXBuildFile; fileRef = 09D29D8628DC832600180E5D /* Formula.swift */; };
		09D29D8928DCA4C600180E5D /* ExpressionParser.swift in Sources */ = {isa = PBXBuildFile; fileRef = 09D29D8828DCA4C600180E5D /* ExpressionParser.swift */; };
		09D29D8B28DCA9AC00180E5D /* Operator.swift in Sources */ = {isa = PBXBuildFile; fileRef = 09D29D8A28DCA9AC00180E5D /* Operator.swift */; };
		09D29D8D28DCB3F900180E5D /* Double.swift in Sources */ = {isa = PBXBuildFile; fileRef = 09D29D8C28DCB3F900180E5D /* Double.swift */; };
		09D29D8F28DCB5F000180E5D /* String.swift in Sources */ = {isa = PBXBuildFile; fileRef = 09D29D8E28DCB5F000180E5D /* String.swift */; };
		09D29D9728DCBA7C00180E5D /* OperatorTests.swift in Sources */ = {isa = PBXBuildFile; fileRef = 09D29D9628DCBA7C00180E5D /* OperatorTests.swift */; };
		09D4E8A728E4881E0010FE01 /* Literal.swift in Sources */ = {isa = PBXBuildFile; fileRef = 09D4E8A628E4881E0010FE01 /* Literal.swift */; };
		09D7FBCC28D95A2400A09904 /* CalculatorItemQueue.swift in Sources */ = {isa = PBXBuildFile; fileRef = 09D7FBCB28D95A2400A09904 /* CalculatorItemQueue.swift */; };
		09D7FBD428D95A6B00A09904 /* CalculatorItemQueueTests.swift in Sources */ = {isa = PBXBuildFile; fileRef = 09D7FBD328D95A6B00A09904 /* CalculatorItemQueueTests.swift */; };
		09D7FBDB28D96FF300A09904 /* CalculateItem.swift in Sources */ = {isa = PBXBuildFile; fileRef = 09D7FBDA28D96FF300A09904 /* CalculateItem.swift */; };
		09D7FBDD28D975F800A09904 /* Node.swift in Sources */ = {isa = PBXBuildFile; fileRef = 09D7FBDC28D975F800A09904 /* Node.swift */; };
		C713D9422570E5EB001C3AFC /* AppDelegate.swift in Sources */ = {isa = PBXBuildFile; fileRef = C713D9412570E5EB001C3AFC /* AppDelegate.swift */; };
		C713D9442570E5EB001C3AFC /* SceneDelegate.swift in Sources */ = {isa = PBXBuildFile; fileRef = C713D9432570E5EB001C3AFC /* SceneDelegate.swift */; };
		C713D9462570E5EB001C3AFC /* ViewController.swift in Sources */ = {isa = PBXBuildFile; fileRef = C713D9452570E5EB001C3AFC /* ViewController.swift */; };
		C713D9492570E5EB001C3AFC /* Main.storyboard in Resources */ = {isa = PBXBuildFile; fileRef = C713D9472570E5EB001C3AFC /* Main.storyboard */; };
		C713D94B2570E5ED001C3AFC /* Assets.xcassets in Resources */ = {isa = PBXBuildFile; fileRef = C713D94A2570E5ED001C3AFC /* Assets.xcassets */; };
		C713D94E2570E5ED001C3AFC /* LaunchScreen.storyboard in Resources */ = {isa = PBXBuildFile; fileRef = C713D94C2570E5ED001C3AFC /* LaunchScreen.storyboard */; };
/* End PBXBuildFile section */

/* Begin PBXContainerItemProxy section */
		099A640128DD9BBB009FCA6B /* PBXContainerItemProxy */ = {
			isa = PBXContainerItemProxy;
			containerPortal = C713D9362570E5EB001C3AFC /* Project object */;
			proxyType = 1;
			remoteGlobalIDString = C713D93D2570E5EB001C3AFC;
			remoteInfo = Calculator;
		};
		099A642128DDDF1F009FCA6B /* PBXContainerItemProxy */ = {
			isa = PBXContainerItemProxy;
			containerPortal = C713D9362570E5EB001C3AFC /* Project object */;
			proxyType = 1;
			remoteGlobalIDString = C713D93D2570E5EB001C3AFC;
			remoteInfo = Calculator;
		};
		09D29D9828DCBA7C00180E5D /* PBXContainerItemProxy */ = {
			isa = PBXContainerItemProxy;
			containerPortal = C713D9362570E5EB001C3AFC /* Project object */;
			proxyType = 1;
			remoteGlobalIDString = C713D93D2570E5EB001C3AFC;
			remoteInfo = Calculator;
		};
		09D7FBD528D95A6B00A09904 /* PBXContainerItemProxy */ = {
			isa = PBXContainerItemProxy;
			containerPortal = C713D9362570E5EB001C3AFC /* Project object */;
			proxyType = 1;
			remoteGlobalIDString = C713D93D2570E5EB001C3AFC;
			remoteInfo = Calculator;
		};
/* End PBXContainerItemProxy section */

/* Begin PBXFileReference section */
		099A63FD28DD9BBB009FCA6B /* ExpressionParserTests.xctest */ = {isa = PBXFileReference; explicitFileType = wrapper.cfbundle; includeInIndex = 0; path = ExpressionParserTests.xctest; sourceTree = BUILT_PRODUCTS_DIR; };
		099A63FF28DD9BBB009FCA6B /* ExpressionParserTests.swift */ = {isa = PBXFileReference; lastKnownFileType = sourcecode.swift; path = ExpressionParserTests.swift; sourceTree = "<group>"; };
		099A641D28DDDF1F009FCA6B /* FormulaTests.xctest */ = {isa = PBXFileReference; explicitFileType = wrapper.cfbundle; includeInIndex = 0; path = FormulaTests.xctest; sourceTree = BUILT_PRODUCTS_DIR; };
		099A641F28DDDF1F009FCA6B /* FormulaTests.swift */ = {isa = PBXFileReference; lastKnownFileType = sourcecode.swift; path = FormulaTests.swift; sourceTree = "<group>"; };
		09D29D8628DC832600180E5D /* Formula.swift */ = {isa = PBXFileReference; lastKnownFileType = sourcecode.swift; path = Formula.swift; sourceTree = "<group>"; };
		09D29D8828DCA4C600180E5D /* ExpressionParser.swift */ = {isa = PBXFileReference; lastKnownFileType = sourcecode.swift; path = ExpressionParser.swift; sourceTree = "<group>"; };
		09D29D8A28DCA9AC00180E5D /* Operator.swift */ = {isa = PBXFileReference; lastKnownFileType = sourcecode.swift; path = Operator.swift; sourceTree = "<group>"; };
		09D29D8C28DCB3F900180E5D /* Double.swift */ = {isa = PBXFileReference; lastKnownFileType = sourcecode.swift; path = Double.swift; sourceTree = "<group>"; };
		09D29D8E28DCB5F000180E5D /* String.swift */ = {isa = PBXFileReference; lastKnownFileType = sourcecode.swift; path = String.swift; sourceTree = "<group>"; };
		09D29D9428DCBA7C00180E5D /* OperatorTests.xctest */ = {isa = PBXFileReference; explicitFileType = wrapper.cfbundle; includeInIndex = 0; path = OperatorTests.xctest; sourceTree = BUILT_PRODUCTS_DIR; };
		09D29D9628DCBA7C00180E5D /* OperatorTests.swift */ = {isa = PBXFileReference; lastKnownFileType = sourcecode.swift; path = OperatorTests.swift; sourceTree = "<group>"; };
		09D4E8A628E4881E0010FE01 /* Literal.swift */ = {isa = PBXFileReference; lastKnownFileType = sourcecode.swift; path = Literal.swift; sourceTree = "<group>"; };
		09D7FBCB28D95A2400A09904 /* CalculatorItemQueue.swift */ = {isa = PBXFileReference; lastKnownFileType = sourcecode.swift; path = CalculatorItemQueue.swift; sourceTree = "<group>"; };
		09D7FBD128D95A6B00A09904 /* CalculatorItemQueueTests.xctest */ = {isa = PBXFileReference; explicitFileType = wrapper.cfbundle; includeInIndex = 0; path = CalculatorItemQueueTests.xctest; sourceTree = BUILT_PRODUCTS_DIR; };
		09D7FBD328D95A6B00A09904 /* CalculatorItemQueueTests.swift */ = {isa = PBXFileReference; lastKnownFileType = sourcecode.swift; path = CalculatorItemQueueTests.swift; sourceTree = "<group>"; };
		09D7FBDA28D96FF300A09904 /* CalculateItem.swift */ = {isa = PBXFileReference; lastKnownFileType = sourcecode.swift; path = CalculateItem.swift; sourceTree = "<group>"; };
		09D7FBDC28D975F800A09904 /* Node.swift */ = {isa = PBXFileReference; lastKnownFileType = sourcecode.swift; path = Node.swift; sourceTree = "<group>"; };
		C713D93E2570E5EB001C3AFC /* Calculator.app */ = {isa = PBXFileReference; explicitFileType = wrapper.application; includeInIndex = 0; path = Calculator.app; sourceTree = BUILT_PRODUCTS_DIR; };
		C713D9412570E5EB001C3AFC /* AppDelegate.swift */ = {isa = PBXFileReference; lastKnownFileType = sourcecode.swift; path = AppDelegate.swift; sourceTree = "<group>"; };
		C713D9432570E5EB001C3AFC /* SceneDelegate.swift */ = {isa = PBXFileReference; lastKnownFileType = sourcecode.swift; path = SceneDelegate.swift; sourceTree = "<group>"; };
		C713D9452570E5EB001C3AFC /* ViewController.swift */ = {isa = PBXFileReference; lastKnownFileType = sourcecode.swift; path = ViewController.swift; sourceTree = "<group>"; };
		C713D9482570E5EB001C3AFC /* Base */ = {isa = PBXFileReference; lastKnownFileType = file.storyboard; name = Base; path = Base.lproj/Main.storyboard; sourceTree = "<group>"; };
		C713D94A2570E5ED001C3AFC /* Assets.xcassets */ = {isa = PBXFileReference; lastKnownFileType = folder.assetcatalog; path = Assets.xcassets; sourceTree = "<group>"; };
		C713D94D2570E5ED001C3AFC /* Base */ = {isa = PBXFileReference; lastKnownFileType = file.storyboard; name = Base; path = Base.lproj/LaunchScreen.storyboard; sourceTree = "<group>"; };
		C713D94F2570E5ED001C3AFC /* Info.plist */ = {isa = PBXFileReference; lastKnownFileType = text.plist.xml; path = Info.plist; sourceTree = "<group>"; };
/* End PBXFileReference section */

/* Begin PBXFrameworksBuildPhase section */
		099A63FA28DD9BBB009FCA6B /* Frameworks */ = {
			isa = PBXFrameworksBuildPhase;
			buildActionMask = 2147483647;
			files = (
			);
			runOnlyForDeploymentPostprocessing = 0;
		};
		099A641A28DDDF1F009FCA6B /* Frameworks */ = {
			isa = PBXFrameworksBuildPhase;
			buildActionMask = 2147483647;
			files = (
			);
			runOnlyForDeploymentPostprocessing = 0;
		};
		09D29D9128DCBA7C00180E5D /* Frameworks */ = {
			isa = PBXFrameworksBuildPhase;
			buildActionMask = 2147483647;
			files = (
			);
			runOnlyForDeploymentPostprocessing = 0;
		};
		09D7FBCE28D95A6B00A09904 /* Frameworks */ = {
			isa = PBXFrameworksBuildPhase;
			buildActionMask = 2147483647;
			files = (
			);
			runOnlyForDeploymentPostprocessing = 0;
		};
		C713D93B2570E5EB001C3AFC /* Frameworks */ = {
			isa = PBXFrameworksBuildPhase;
			buildActionMask = 2147483647;
			files = (
			);
			runOnlyForDeploymentPostprocessing = 0;
		};
/* End PBXFrameworksBuildPhase section */

/* Begin PBXGroup section */
		099A63FE28DD9BBB009FCA6B /* ExpressionParserTests */ = {
			isa = PBXGroup;
			children = (
				099A63FF28DD9BBB009FCA6B /* ExpressionParserTests.swift */,
			);
			path = ExpressionParserTests;
			sourceTree = "<group>";
		};
		099A641E28DDDF1F009FCA6B /* FormulaTests */ = {
			isa = PBXGroup;
			children = (
				099A641F28DDDF1F009FCA6B /* FormulaTests.swift */,
			);
			path = FormulaTests;
			sourceTree = "<group>";
		};
		09D29D9528DCBA7C00180E5D /* OperatorTests */ = {
			isa = PBXGroup;
			children = (
				09D29D9628DCBA7C00180E5D /* OperatorTests.swift */,
			);
			path = OperatorTests;
			sourceTree = "<group>";
		};
		09D7FBD228D95A6B00A09904 /* CalculatorItemQueueTests */ = {
			isa = PBXGroup;
			children = (
				09D7FBD328D95A6B00A09904 /* CalculatorItemQueueTests.swift */,
			);
			path = CalculatorItemQueueTests;
			sourceTree = "<group>";
		};
		C713D9352570E5EB001C3AFC = {
			isa = PBXGroup;
			children = (
				C713D9402570E5EB001C3AFC /* Calculator */,
				09D7FBD228D95A6B00A09904 /* CalculatorItemQueueTests */,
				09D29D9528DCBA7C00180E5D /* OperatorTests */,
				099A63FE28DD9BBB009FCA6B /* ExpressionParserTests */,
				099A641E28DDDF1F009FCA6B /* FormulaTests */,
				C713D93F2570E5EB001C3AFC /* Products */,
			);
			sourceTree = "<group>";
		};
		C713D93F2570E5EB001C3AFC /* Products */ = {
			isa = PBXGroup;
			children = (
				C713D93E2570E5EB001C3AFC /* Calculator.app */,
				09D7FBD128D95A6B00A09904 /* CalculatorItemQueueTests.xctest */,
				09D29D9428DCBA7C00180E5D /* OperatorTests.xctest */,
				099A63FD28DD9BBB009FCA6B /* ExpressionParserTests.xctest */,
				099A641D28DDDF1F009FCA6B /* FormulaTests.xctest */,
			);
			name = Products;
			sourceTree = "<group>";
		};
		C713D9402570E5EB001C3AFC /* Calculator */ = {
			isa = PBXGroup;
			children = (
				C713D9412570E5EB001C3AFC /* AppDelegate.swift */,
				C713D9432570E5EB001C3AFC /* SceneDelegate.swift */,
				C713D9452570E5EB001C3AFC /* ViewController.swift */,
				C713D9472570E5EB001C3AFC /* Main.storyboard */,
				C713D94A2570E5ED001C3AFC /* Assets.xcassets */,
				C713D94C2570E5ED001C3AFC /* LaunchScreen.storyboard */,
				C713D94F2570E5ED001C3AFC /* Info.plist */,
				09D7FBDC28D975F800A09904 /* Node.swift */,
				09D29D8828DCA4C600180E5D /* ExpressionParser.swift */,
				09D29D8628DC832600180E5D /* Formula.swift */,
				09D7FBCB28D95A2400A09904 /* CalculatorItemQueue.swift */,
				09D29D8A28DCA9AC00180E5D /* Operator.swift */,
				09D7FBDA28D96FF300A09904 /* CalculateItem.swift */,
				09D29D8C28DCB3F900180E5D /* Double.swift */,
				09D29D8E28DCB5F000180E5D /* String.swift */,
				09D4E8A628E4881E0010FE01 /* Literal.swift */,
			);
			path = Calculator;
			sourceTree = "<group>";
		};
/* End PBXGroup section */

/* Begin PBXNativeTarget section */
		099A63FC28DD9BBB009FCA6B /* ExpressionParserTests */ = {
			isa = PBXNativeTarget;
			buildConfigurationList = 099A640528DD9BBB009FCA6B /* Build configuration list for PBXNativeTarget "ExpressionParserTests" */;
			buildPhases = (
				099A63F928DD9BBB009FCA6B /* Sources */,
				099A63FA28DD9BBB009FCA6B /* Frameworks */,
				099A63FB28DD9BBB009FCA6B /* Resources */,
			);
			buildRules = (
			);
			dependencies = (
				099A640228DD9BBB009FCA6B /* PBXTargetDependency */,
			);
			name = ExpressionParserTests;
			productName = ExpressionParserTests;
			productReference = 099A63FD28DD9BBB009FCA6B /* ExpressionParserTests.xctest */;
			productType = "com.apple.product-type.bundle.unit-test";
		};
		099A641C28DDDF1F009FCA6B /* FormulaTests */ = {
			isa = PBXNativeTarget;
			buildConfigurationList = 099A642328DDDF1F009FCA6B /* Build configuration list for PBXNativeTarget "FormulaTests" */;
			buildPhases = (
				099A641928DDDF1F009FCA6B /* Sources */,
				099A641A28DDDF1F009FCA6B /* Frameworks */,
				099A641B28DDDF1F009FCA6B /* Resources */,
			);
			buildRules = (
			);
			dependencies = (
				099A642228DDDF1F009FCA6B /* PBXTargetDependency */,
			);
			name = FormulaTests;
			productName = FormulaTests;
			productReference = 099A641D28DDDF1F009FCA6B /* FormulaTests.xctest */;
			productType = "com.apple.product-type.bundle.unit-test";
		};
		09D29D9328DCBA7C00180E5D /* OperatorTests */ = {
			isa = PBXNativeTarget;
			buildConfigurationList = 09D29D9A28DCBA7C00180E5D /* Build configuration list for PBXNativeTarget "OperatorTests" */;
			buildPhases = (
				09D29D9028DCBA7C00180E5D /* Sources */,
				09D29D9128DCBA7C00180E5D /* Frameworks */,
				09D29D9228DCBA7C00180E5D /* Resources */,
			);
			buildRules = (
			);
			dependencies = (
				09D29D9928DCBA7C00180E5D /* PBXTargetDependency */,
			);
			name = OperatorTests;
			productName = OperatorTests;
			productReference = 09D29D9428DCBA7C00180E5D /* OperatorTests.xctest */;
			productType = "com.apple.product-type.bundle.unit-test";
		};
		09D7FBD028D95A6B00A09904 /* CalculatorItemQueueTests */ = {
			isa = PBXNativeTarget;
			buildConfigurationList = 09D7FBD728D95A6B00A09904 /* Build configuration list for PBXNativeTarget "CalculatorItemQueueTests" */;
			buildPhases = (
				09D7FBCD28D95A6B00A09904 /* Sources */,
				09D7FBCE28D95A6B00A09904 /* Frameworks */,
				09D7FBCF28D95A6B00A09904 /* Resources */,
			);
			buildRules = (
			);
			dependencies = (
				09D7FBD628D95A6B00A09904 /* PBXTargetDependency */,
			);
			name = CalculatorItemQueueTests;
			productName = CalculatorItemQueueTests;
			productReference = 09D7FBD128D95A6B00A09904 /* CalculatorItemQueueTests.xctest */;
			productType = "com.apple.product-type.bundle.unit-test";
		};
		C713D93D2570E5EB001C3AFC /* Calculator */ = {
			isa = PBXNativeTarget;
			buildConfigurationList = C713D9522570E5ED001C3AFC /* Build configuration list for PBXNativeTarget "Calculator" */;
			buildPhases = (
				C713D93A2570E5EB001C3AFC /* Sources */,
				C713D93B2570E5EB001C3AFC /* Frameworks */,
				C713D93C2570E5EB001C3AFC /* Resources */,
			);
			buildRules = (
			);
			dependencies = (
			);
			name = Calculator;
			productName = Calculator;
			productReference = C713D93E2570E5EB001C3AFC /* Calculator.app */;
			productType = "com.apple.product-type.application";
		};
/* End PBXNativeTarget section */

/* Begin PBXProject section */
		C713D9362570E5EB001C3AFC /* Project object */ = {
			isa = PBXProject;
			attributes = {
				LastSwiftUpdateCheck = 1340;
				LastUpgradeCheck = 1340;
				TargetAttributes = {
					099A63FC28DD9BBB009FCA6B = {
						CreatedOnToolsVersion = 13.4.1;
						TestTargetID = C713D93D2570E5EB001C3AFC;
					};
					099A641C28DDDF1F009FCA6B = {
						CreatedOnToolsVersion = 13.4.1;
						TestTargetID = C713D93D2570E5EB001C3AFC;
					};
					09D29D9328DCBA7C00180E5D = {
						CreatedOnToolsVersion = 13.4.1;
						TestTargetID = C713D93D2570E5EB001C3AFC;
					};
					09D7FBD028D95A6B00A09904 = {
						CreatedOnToolsVersion = 13.4.1;
						TestTargetID = C713D93D2570E5EB001C3AFC;
					};
					C713D93D2570E5EB001C3AFC = {
						CreatedOnToolsVersion = 12.1;
					};
				};
			};
			buildConfigurationList = C713D9392570E5EB001C3AFC /* Build configuration list for PBXProject "Calculator" */;
			compatibilityVersion = "Xcode 9.3";
			developmentRegion = en;
			hasScannedForEncodings = 0;
			knownRegions = (
				en,
				Base,
			);
			mainGroup = C713D9352570E5EB001C3AFC;
			productRefGroup = C713D93F2570E5EB001C3AFC /* Products */;
			projectDirPath = "";
			projectRoot = "";
			targets = (
				C713D93D2570E5EB001C3AFC /* Calculator */,
				09D7FBD028D95A6B00A09904 /* CalculatorItemQueueTests */,
				09D29D9328DCBA7C00180E5D /* OperatorTests */,
				099A63FC28DD9BBB009FCA6B /* ExpressionParserTests */,
				099A641C28DDDF1F009FCA6B /* FormulaTests */,
			);
		};
/* End PBXProject section */

/* Begin PBXResourcesBuildPhase section */
		099A63FB28DD9BBB009FCA6B /* Resources */ = {
			isa = PBXResourcesBuildPhase;
			buildActionMask = 2147483647;
			files = (
			);
			runOnlyForDeploymentPostprocessing = 0;
		};
		099A641B28DDDF1F009FCA6B /* Resources */ = {
			isa = PBXResourcesBuildPhase;
			buildActionMask = 2147483647;
			files = (
			);
			runOnlyForDeploymentPostprocessing = 0;
		};
		09D29D9228DCBA7C00180E5D /* Resources */ = {
			isa = PBXResourcesBuildPhase;
			buildActionMask = 2147483647;
			files = (
			);
			runOnlyForDeploymentPostprocessing = 0;
		};
		09D7FBCF28D95A6B00A09904 /* Resources */ = {
			isa = PBXResourcesBuildPhase;
			buildActionMask = 2147483647;
			files = (
			);
			runOnlyForDeploymentPostprocessing = 0;
		};
		C713D93C2570E5EB001C3AFC /* Resources */ = {
			isa = PBXResourcesBuildPhase;
			buildActionMask = 2147483647;
			files = (
				C713D94E2570E5ED001C3AFC /* LaunchScreen.storyboard in Resources */,
				C713D94B2570E5ED001C3AFC /* Assets.xcassets in Resources */,
				C713D9492570E5EB001C3AFC /* Main.storyboard in Resources */,
			);
			runOnlyForDeploymentPostprocessing = 0;
		};
/* End PBXResourcesBuildPhase section */

/* Begin PBXSourcesBuildPhase section */
		099A63F928DD9BBB009FCA6B /* Sources */ = {
			isa = PBXSourcesBuildPhase;
			buildActionMask = 2147483647;
			files = (
				099A640028DD9BBB009FCA6B /* ExpressionParserTests.swift in Sources */,
			);
			runOnlyForDeploymentPostprocessing = 0;
		};
		099A641928DDDF1F009FCA6B /* Sources */ = {
			isa = PBXSourcesBuildPhase;
			buildActionMask = 2147483647;
			files = (
				099A642028DDDF1F009FCA6B /* FormulaTests.swift in Sources */,
			);
			runOnlyForDeploymentPostprocessing = 0;
		};
		09D29D9028DCBA7C00180E5D /* Sources */ = {
			isa = PBXSourcesBuildPhase;
			buildActionMask = 2147483647;
			files = (
				09D29D9728DCBA7C00180E5D /* OperatorTests.swift in Sources */,
			);
			runOnlyForDeploymentPostprocessing = 0;
		};
		09D7FBCD28D95A6B00A09904 /* Sources */ = {
			isa = PBXSourcesBuildPhase;
			buildActionMask = 2147483647;
			files = (
				09D7FBD428D95A6B00A09904 /* CalculatorItemQueueTests.swift in Sources */,
			);
			runOnlyForDeploymentPostprocessing = 0;
		};
		C713D93A2570E5EB001C3AFC /* Sources */ = {
			isa = PBXSourcesBuildPhase;
			buildActionMask = 2147483647;
			files = (
				09D7FBDD28D975F800A09904 /* Node.swift in Sources */,
				09D29D8F28DCB5F000180E5D /* String.swift in Sources */,
				09D29D8728DC832600180E5D /* Formula.swift in Sources */,
				09D7FBDB28D96FF300A09904 /* CalculateItem.swift in Sources */,
				C713D9462570E5EB001C3AFC /* ViewController.swift in Sources */,
				09D4E8A728E4881E0010FE01 /* Literal.swift in Sources */,
				C713D9422570E5EB001C3AFC /* AppDelegate.swift in Sources */,
				09D7FBCC28D95A2400A09904 /* CalculatorItemQueue.swift in Sources */,
				09D29D8928DCA4C600180E5D /* ExpressionParser.swift in Sources */,
				09D29D8B28DCA9AC00180E5D /* Operator.swift in Sources */,
				09D29D8D28DCB3F900180E5D /* Double.swift in Sources */,
				C713D9442570E5EB001C3AFC /* SceneDelegate.swift in Sources */,
			);
			runOnlyForDeploymentPostprocessing = 0;
		};
/* End PBXSourcesBuildPhase section */

/* Begin PBXTargetDependency section */
		099A640228DD9BBB009FCA6B /* PBXTargetDependency */ = {
			isa = PBXTargetDependency;
			target = C713D93D2570E5EB001C3AFC /* Calculator */;
			targetProxy = 099A640128DD9BBB009FCA6B /* PBXContainerItemProxy */;
		};
		099A642228DDDF1F009FCA6B /* PBXTargetDependency */ = {
			isa = PBXTargetDependency;
			target = C713D93D2570E5EB001C3AFC /* Calculator */;
			targetProxy = 099A642128DDDF1F009FCA6B /* PBXContainerItemProxy */;
		};
		09D29D9928DCBA7C00180E5D /* PBXTargetDependency */ = {
			isa = PBXTargetDependency;
			target = C713D93D2570E5EB001C3AFC /* Calculator */;
			targetProxy = 09D29D9828DCBA7C00180E5D /* PBXContainerItemProxy */;
		};
		09D7FBD628D95A6B00A09904 /* PBXTargetDependency */ = {
			isa = PBXTargetDependency;
			target = C713D93D2570E5EB001C3AFC /* Calculator */;
			targetProxy = 09D7FBD528D95A6B00A09904 /* PBXContainerItemProxy */;
		};
/* End PBXTargetDependency section */

/* Begin PBXVariantGroup section */
		C713D9472570E5EB001C3AFC /* Main.storyboard */ = {
			isa = PBXVariantGroup;
			children = (
				C713D9482570E5EB001C3AFC /* Base */,
			);
			name = Main.storyboard;
			sourceTree = "<group>";
		};
		C713D94C2570E5ED001C3AFC /* LaunchScreen.storyboard */ = {
			isa = PBXVariantGroup;
			children = (
				C713D94D2570E5ED001C3AFC /* Base */,
			);
			name = LaunchScreen.storyboard;
			sourceTree = "<group>";
		};
/* End PBXVariantGroup section */

/* Begin XCBuildConfiguration section */
		099A640328DD9BBB009FCA6B /* Debug */ = {
			isa = XCBuildConfiguration;
			buildSettings = {
				BUNDLE_LOADER = "$(TEST_HOST)";
				CLANG_CXX_LANGUAGE_STANDARD = "gnu++17";
				CODE_SIGN_STYLE = Automatic;
				CURRENT_PROJECT_VERSION = 1;
				GENERATE_INFOPLIST_FILE = YES;
				IPHONEOS_DEPLOYMENT_TARGET = 15.5;
				MARKETING_VERSION = 1.0;
				PRODUCT_BUNDLE_IDENTIFIER = revan.mangdi.ExpressionParserTests;
				PRODUCT_NAME = "$(TARGET_NAME)";
				SWIFT_EMIT_LOC_STRINGS = NO;
				SWIFT_VERSION = 5.0;
				TARGETED_DEVICE_FAMILY = "1,2";
				TEST_HOST = "$(BUILT_PRODUCTS_DIR)/Calculator.app/Calculator";
			};
			name = Debug;
		};
		099A640428DD9BBB009FCA6B /* Release */ = {
			isa = XCBuildConfiguration;
			buildSettings = {
				BUNDLE_LOADER = "$(TEST_HOST)";
				CLANG_CXX_LANGUAGE_STANDARD = "gnu++17";
				CODE_SIGN_STYLE = Automatic;
				CURRENT_PROJECT_VERSION = 1;
				GENERATE_INFOPLIST_FILE = YES;
				IPHONEOS_DEPLOYMENT_TARGET = 15.5;
				MARKETING_VERSION = 1.0;
				PRODUCT_BUNDLE_IDENTIFIER = revan.mangdi.ExpressionParserTests;
				PRODUCT_NAME = "$(TARGET_NAME)";
				SWIFT_EMIT_LOC_STRINGS = NO;
				SWIFT_VERSION = 5.0;
				TARGETED_DEVICE_FAMILY = "1,2";
				TEST_HOST = "$(BUILT_PRODUCTS_DIR)/Calculator.app/Calculator";
			};
			name = Release;
		};
		099A642428DDDF1F009FCA6B /* Debug */ = {
			isa = XCBuildConfiguration;
			buildSettings = {
				BUNDLE_LOADER = "$(TEST_HOST)";
				CLANG_CXX_LANGUAGE_STANDARD = "gnu++17";
				CODE_SIGN_STYLE = Automatic;
				CURRENT_PROJECT_VERSION = 1;
				GENERATE_INFOPLIST_FILE = YES;
				IPHONEOS_DEPLOYMENT_TARGET = 15.5;
				MARKETING_VERSION = 1.0;
				PRODUCT_BUNDLE_IDENTIFIER = revan.mangdi.FormulaTests;
				PRODUCT_NAME = "$(TARGET_NAME)";
				SWIFT_EMIT_LOC_STRINGS = NO;
				SWIFT_VERSION = 5.0;
				TARGETED_DEVICE_FAMILY = "1,2";
				TEST_HOST = "$(BUILT_PRODUCTS_DIR)/Calculator.app/Calculator";
			};
			name = Debug;
		};
		099A642528DDDF1F009FCA6B /* Release */ = {
			isa = XCBuildConfiguration;
			buildSettings = {
				BUNDLE_LOADER = "$(TEST_HOST)";
				CLANG_CXX_LANGUAGE_STANDARD = "gnu++17";
				CODE_SIGN_STYLE = Automatic;
				CURRENT_PROJECT_VERSION = 1;
				GENERATE_INFOPLIST_FILE = YES;
				IPHONEOS_DEPLOYMENT_TARGET = 15.5;
				MARKETING_VERSION = 1.0;
				PRODUCT_BUNDLE_IDENTIFIER = revan.mangdi.FormulaTests;
				PRODUCT_NAME = "$(TARGET_NAME)";
				SWIFT_EMIT_LOC_STRINGS = NO;
				SWIFT_VERSION = 5.0;
				TARGETED_DEVICE_FAMILY = "1,2";
				TEST_HOST = "$(BUILT_PRODUCTS_DIR)/Calculator.app/Calculator";
			};
			name = Release;
		};
		09D29D9B28DCBA7C00180E5D /* Debug */ = {
			isa = XCBuildConfiguration;
			buildSettings = {
				BUNDLE_LOADER = "$(TEST_HOST)";
				CLANG_CXX_LANGUAGE_STANDARD = "gnu++17";
				CODE_SIGN_STYLE = Automatic;
				CURRENT_PROJECT_VERSION = 1;
				GENERATE_INFOPLIST_FILE = YES;
				IPHONEOS_DEPLOYMENT_TARGET = 15.5;
				MARKETING_VERSION = 1.0;
				PRODUCT_BUNDLE_IDENTIFIER = revan.mangdi.OperatorTests;
				PRODUCT_NAME = "$(TARGET_NAME)";
				SWIFT_EMIT_LOC_STRINGS = NO;
				SWIFT_VERSION = 5.0;
				TARGETED_DEVICE_FAMILY = "1,2";
				TEST_HOST = "$(BUILT_PRODUCTS_DIR)/Calculator.app/Calculator";
			};
			name = Debug;
		};
		09D29D9C28DCBA7C00180E5D /* Release */ = {
			isa = XCBuildConfiguration;
			buildSettings = {
				BUNDLE_LOADER = "$(TEST_HOST)";
				CLANG_CXX_LANGUAGE_STANDARD = "gnu++17";
				CODE_SIGN_STYLE = Automatic;
				CURRENT_PROJECT_VERSION = 1;
				GENERATE_INFOPLIST_FILE = YES;
				IPHONEOS_DEPLOYMENT_TARGET = 15.5;
				MARKETING_VERSION = 1.0;
				PRODUCT_BUNDLE_IDENTIFIER = revan.mangdi.OperatorTests;
				PRODUCT_NAME = "$(TARGET_NAME)";
				SWIFT_EMIT_LOC_STRINGS = NO;
				SWIFT_VERSION = 5.0;
				TARGETED_DEVICE_FAMILY = "1,2";
				TEST_HOST = "$(BUILT_PRODUCTS_DIR)/Calculator.app/Calculator";
			};
			name = Release;
		};
		09D7FBD828D95A6B00A09904 /* Debug */ = {
			isa = XCBuildConfiguration;
			buildSettings = {
				BUNDLE_LOADER = "$(TEST_HOST)";
				CLANG_CXX_LANGUAGE_STANDARD = "gnu++17";
				CODE_SIGN_STYLE = Automatic;
				CURRENT_PROJECT_VERSION = 1;
				GENERATE_INFOPLIST_FILE = YES;
				IPHONEOS_DEPLOYMENT_TARGET = 15.5;
				MARKETING_VERSION = 1.0;
				PRODUCT_BUNDLE_IDENTIFIER = revan.mangdi.CalculatorItemQueueTests;
				PRODUCT_NAME = "$(TARGET_NAME)";
				SWIFT_EMIT_LOC_STRINGS = NO;
				SWIFT_VERSION = 5.0;
				TARGETED_DEVICE_FAMILY = "1,2";
				TEST_HOST = "$(BUILT_PRODUCTS_DIR)/Calculator.app/Calculator";
			};
			name = Debug;
		};
		09D7FBD928D95A6B00A09904 /* Release */ = {
			isa = XCBuildConfiguration;
			buildSettings = {
				BUNDLE_LOADER = "$(TEST_HOST)";
				CLANG_CXX_LANGUAGE_STANDARD = "gnu++17";
				CODE_SIGN_STYLE = Automatic;
				CURRENT_PROJECT_VERSION = 1;
				GENERATE_INFOPLIST_FILE = YES;
				IPHONEOS_DEPLOYMENT_TARGET = 15.5;
				MARKETING_VERSION = 1.0;
				PRODUCT_BUNDLE_IDENTIFIER = revan.mangdi.CalculatorItemQueueTests;
				PRODUCT_NAME = "$(TARGET_NAME)";
				SWIFT_EMIT_LOC_STRINGS = NO;
				SWIFT_VERSION = 5.0;
				TARGETED_DEVICE_FAMILY = "1,2";
				TEST_HOST = "$(BUILT_PRODUCTS_DIR)/Calculator.app/Calculator";
			};
			name = Release;
		};
		C713D9502570E5ED001C3AFC /* Debug */ = {
			isa = XCBuildConfiguration;
			buildSettings = {
				ALWAYS_SEARCH_USER_PATHS = NO;
				CLANG_ANALYZER_NONNULL = YES;
				CLANG_ANALYZER_NUMBER_OBJECT_CONVERSION = YES_AGGRESSIVE;
				CLANG_CXX_LANGUAGE_STANDARD = "gnu++14";
				CLANG_CXX_LIBRARY = "libc++";
				CLANG_ENABLE_MODULES = YES;
				CLANG_ENABLE_OBJC_ARC = YES;
				CLANG_ENABLE_OBJC_WEAK = YES;
				CLANG_WARN_BLOCK_CAPTURE_AUTORELEASING = YES;
				CLANG_WARN_BOOL_CONVERSION = YES;
				CLANG_WARN_COMMA = YES;
				CLANG_WARN_CONSTANT_CONVERSION = YES;
				CLANG_WARN_DEPRECATED_OBJC_IMPLEMENTATIONS = YES;
				CLANG_WARN_DIRECT_OBJC_ISA_USAGE = YES_ERROR;
				CLANG_WARN_DOCUMENTATION_COMMENTS = YES;
				CLANG_WARN_EMPTY_BODY = YES;
				CLANG_WARN_ENUM_CONVERSION = YES;
				CLANG_WARN_INFINITE_RECURSION = YES;
				CLANG_WARN_INT_CONVERSION = YES;
				CLANG_WARN_NON_LITERAL_NULL_CONVERSION = YES;
				CLANG_WARN_OBJC_IMPLICIT_RETAIN_SELF = YES;
				CLANG_WARN_OBJC_LITERAL_CONVERSION = YES;
				CLANG_WARN_OBJC_ROOT_CLASS = YES_ERROR;
				CLANG_WARN_QUOTED_INCLUDE_IN_FRAMEWORK_HEADER = YES;
				CLANG_WARN_RANGE_LOOP_ANALYSIS = YES;
				CLANG_WARN_STRICT_PROTOTYPES = YES;
				CLANG_WARN_SUSPICIOUS_MOVE = YES;
				CLANG_WARN_UNGUARDED_AVAILABILITY = YES_AGGRESSIVE;
				CLANG_WARN_UNREACHABLE_CODE = YES;
				CLANG_WARN__DUPLICATE_METHOD_MATCH = YES;
				COPY_PHASE_STRIP = NO;
				DEBUG_INFORMATION_FORMAT = dwarf;
				ENABLE_STRICT_OBJC_MSGSEND = YES;
				ENABLE_TESTABILITY = YES;
				GCC_C_LANGUAGE_STANDARD = gnu11;
				GCC_DYNAMIC_NO_PIC = NO;
				GCC_NO_COMMON_BLOCKS = YES;
				GCC_OPTIMIZATION_LEVEL = 0;
				GCC_PREPROCESSOR_DEFINITIONS = (
					"DEBUG=1",
					"$(inherited)",
				);
				GCC_WARN_64_TO_32_BIT_CONVERSION = YES;
				GCC_WARN_ABOUT_RETURN_TYPE = YES_ERROR;
				GCC_WARN_UNDECLARED_SELECTOR = YES;
				GCC_WARN_UNINITIALIZED_AUTOS = YES_AGGRESSIVE;
				GCC_WARN_UNUSED_FUNCTION = YES;
				GCC_WARN_UNUSED_VARIABLE = YES;
				IPHONEOS_DEPLOYMENT_TARGET = 14.1;
				MTL_ENABLE_DEBUG_INFO = INCLUDE_SOURCE;
				MTL_FAST_MATH = YES;
				ONLY_ACTIVE_ARCH = YES;
				SDKROOT = iphoneos;
				SUPPORTED_PLATFORMS = "iphonesimulator iphoneos macosx";
				SWIFT_ACTIVE_COMPILATION_CONDITIONS = DEBUG;
				SWIFT_OPTIMIZATION_LEVEL = "-Onone";
			};
			name = Debug;
		};
		C713D9512570E5ED001C3AFC /* Release */ = {
			isa = XCBuildConfiguration;
			buildSettings = {
				ALWAYS_SEARCH_USER_PATHS = NO;
				CLANG_ANALYZER_NONNULL = YES;
				CLANG_ANALYZER_NUMBER_OBJECT_CONVERSION = YES_AGGRESSIVE;
				CLANG_CXX_LANGUAGE_STANDARD = "gnu++14";
				CLANG_CXX_LIBRARY = "libc++";
				CLANG_ENABLE_MODULES = YES;
				CLANG_ENABLE_OBJC_ARC = YES;
				CLANG_ENABLE_OBJC_WEAK = YES;
				CLANG_WARN_BLOCK_CAPTURE_AUTORELEASING = YES;
				CLANG_WARN_BOOL_CONVERSION = YES;
				CLANG_WARN_COMMA = YES;
				CLANG_WARN_CONSTANT_CONVERSION = YES;
				CLANG_WARN_DEPRECATED_OBJC_IMPLEMENTATIONS = YES;
				CLANG_WARN_DIRECT_OBJC_ISA_USAGE = YES_ERROR;
				CLANG_WARN_DOCUMENTATION_COMMENTS = YES;
				CLANG_WARN_EMPTY_BODY = YES;
				CLANG_WARN_ENUM_CONVERSION = YES;
				CLANG_WARN_INFINITE_RECURSION = YES;
				CLANG_WARN_INT_CONVERSION = YES;
				CLANG_WARN_NON_LITERAL_NULL_CONVERSION = YES;
				CLANG_WARN_OBJC_IMPLICIT_RETAIN_SELF = YES;
				CLANG_WARN_OBJC_LITERAL_CONVERSION = YES;
				CLANG_WARN_OBJC_ROOT_CLASS = YES_ERROR;
				CLANG_WARN_QUOTED_INCLUDE_IN_FRAMEWORK_HEADER = YES;
				CLANG_WARN_RANGE_LOOP_ANALYSIS = YES;
				CLANG_WARN_STRICT_PROTOTYPES = YES;
				CLANG_WARN_SUSPICIOUS_MOVE = YES;
				CLANG_WARN_UNGUARDED_AVAILABILITY = YES_AGGRESSIVE;
				CLANG_WARN_UNREACHABLE_CODE = YES;
				CLANG_WARN__DUPLICATE_METHOD_MATCH = YES;
				COPY_PHASE_STRIP = NO;
				DEBUG_INFORMATION_FORMAT = "dwarf-with-dsym";
				ENABLE_NS_ASSERTIONS = NO;
				ENABLE_STRICT_OBJC_MSGSEND = YES;
				GCC_C_LANGUAGE_STANDARD = gnu11;
				GCC_NO_COMMON_BLOCKS = YES;
				GCC_WARN_64_TO_32_BIT_CONVERSION = YES;
				GCC_WARN_ABOUT_RETURN_TYPE = YES_ERROR;
				GCC_WARN_UNDECLARED_SELECTOR = YES;
				GCC_WARN_UNINITIALIZED_AUTOS = YES_AGGRESSIVE;
				GCC_WARN_UNUSED_FUNCTION = YES;
				GCC_WARN_UNUSED_VARIABLE = YES;
				IPHONEOS_DEPLOYMENT_TARGET = 14.1;
				MTL_ENABLE_DEBUG_INFO = NO;
				MTL_FAST_MATH = YES;
				ONLY_ACTIVE_ARCH = YES;
				SDKROOT = iphoneos;
				SUPPORTED_PLATFORMS = "iphonesimulator iphoneos";
				SWIFT_COMPILATION_MODE = wholemodule;
				SWIFT_OPTIMIZATION_LEVEL = "-O";
				VALIDATE_PRODUCT = YES;
			};
			name = Release;
		};
		C713D9532570E5ED001C3AFC /* Debug */ = {
			isa = XCBuildConfiguration;
			buildSettings = {
				ASSETCATALOG_COMPILER_APPICON_NAME = AppIcon;
				ASSETCATALOG_COMPILER_GLOBAL_ACCENT_COLOR_NAME = AccentColor;
				CODE_SIGN_STYLE = Automatic;
				INFOPLIST_FILE = Calculator/Info.plist;
				LD_RUNPATH_SEARCH_PATHS = (
					"$(inherited)",
					"@executable_path/Frameworks",
				);
				ONLY_ACTIVE_ARCH = NO;
				PRODUCT_BUNDLE_IDENTIFIER = net.yagom.Calculator;
				PRODUCT_NAME = "$(TARGET_NAME)";
				SUPPORTED_PLATFORMS = "iphonesimulator iphoneos macosx";
				SWIFT_VERSION = 5.0;
				TARGETED_DEVICE_FAMILY = 1;
			};
			name = Debug;
		};
		C713D9542570E5ED001C3AFC /* Release */ = {
			isa = XCBuildConfiguration;
			buildSettings = {
				ASSETCATALOG_COMPILER_APPICON_NAME = AppIcon;
				ASSETCATALOG_COMPILER_GLOBAL_ACCENT_COLOR_NAME = AccentColor;
				CODE_SIGN_STYLE = Automatic;
				INFOPLIST_FILE = Calculator/Info.plist;
				LD_RUNPATH_SEARCH_PATHS = (
					"$(inherited)",
					"@executable_path/Frameworks",
				);
				ONLY_ACTIVE_ARCH = YES;
				PRODUCT_BUNDLE_IDENTIFIER = net.yagom.Calculator;
				PRODUCT_NAME = "$(TARGET_NAME)";
				SUPPORTED_PLATFORMS = "iphonesimulator iphoneos";
				SWIFT_VERSION = 5.0;
				TARGETED_DEVICE_FAMILY = 1;
			};
			name = Release;
		};
/* End XCBuildConfiguration section */

/* Begin XCConfigurationList section */
		099A640528DD9BBB009FCA6B /* Build configuration list for PBXNativeTarget "ExpressionParserTests" */ = {
			isa = XCConfigurationList;
			buildConfigurations = (
				099A640328DD9BBB009FCA6B /* Debug */,
				099A640428DD9BBB009FCA6B /* Release */,
			);
			defaultConfigurationIsVisible = 0;
			defaultConfigurationName = Release;
		};
		099A642328DDDF1F009FCA6B /* Build configuration list for PBXNativeTarget "FormulaTests" */ = {
			isa = XCConfigurationList;
			buildConfigurations = (
				099A642428DDDF1F009FCA6B /* Debug */,
				099A642528DDDF1F009FCA6B /* Release */,
			);
			defaultConfigurationIsVisible = 0;
			defaultConfigurationName = Release;
		};
		09D29D9A28DCBA7C00180E5D /* Build configuration list for PBXNativeTarget "OperatorTests" */ = {
			isa = XCConfigurationList;
			buildConfigurations = (
				09D29D9B28DCBA7C00180E5D /* Debug */,
				09D29D9C28DCBA7C00180E5D /* Release */,
			);
			defaultConfigurationIsVisible = 0;
			defaultConfigurationName = Release;
		};
		09D7FBD728D95A6B00A09904 /* Build configuration list for PBXNativeTarget "CalculatorItemQueueTests" */ = {
			isa = XCConfigurationList;
			buildConfigurations = (
				09D7FBD828D95A6B00A09904 /* Debug */,
				09D7FBD928D95A6B00A09904 /* Release */,
			);
			defaultConfigurationIsVisible = 0;
			defaultConfigurationName = Release;
		};
		C713D9392570E5EB001C3AFC /* Build configuration list for PBXProject "Calculator" */ = {
			isa = XCConfigurationList;
			buildConfigurations = (
				C713D9502570E5ED001C3AFC /* Debug */,
				C713D9512570E5ED001C3AFC /* Release */,
			);
			defaultConfigurationIsVisible = 0;
			defaultConfigurationName = Release;
		};
		C713D9522570E5ED001C3AFC /* Build configuration list for PBXNativeTarget "Calculator" */ = {
			isa = XCConfigurationList;
			buildConfigurations = (
				C713D9532570E5ED001C3AFC /* Debug */,
				C713D9542570E5ED001C3AFC /* Release */,
			);
			defaultConfigurationIsVisible = 0;
			defaultConfigurationName = Release;
		};
/* End XCConfigurationList section */
	};
	rootObject = C713D9362570E5EB001C3AFC /* Project object */;
}
